// !$*UTF8*$!
{
	archiveVersion = 1;
	classes = {
	};
	objectVersion = 46;
	objects = {

/* Begin PBXBuildFile section */
		37583B1D1BF6C2A700AC331D /* Realm.framework in Frameworks */ = {isa = PBXBuildFile; fileRef = 37583B1B1BF6C2A700AC331D /* Realm.framework */; };
		37583B1E1BF6C2A700AC331D /* Realm.framework in Embed Frameworks */ = {isa = PBXBuildFile; fileRef = 37583B1B1BF6C2A700AC331D /* Realm.framework */; settings = {ATTRIBUTES = (CodeSignOnCopy, RemoveHeadersOnCopy, ); }; };
		37583B1F1BF6C2A700AC331D /* RealmSwift.framework in Frameworks */ = {isa = PBXBuildFile; fileRef = 37583B1C1BF6C2A700AC331D /* RealmSwift.framework */; };
		37583B201BF6C2A700AC331D /* RealmSwift.framework in Embed Frameworks */ = {isa = PBXBuildFile; fileRef = 37583B1C1BF6C2A700AC331D /* RealmSwift.framework */; settings = {ATTRIBUTES = (CodeSignOnCopy, RemoveHeadersOnCopy, ); }; };
		378BDDEC1C05A1B7000DD5BB /* album.swift in Sources */ = {isa = PBXBuildFile; fileRef = 378BDDEB1C05A1B7000DD5BB /* album.swift */; };
		378BDDF01C05A3E3000DD5BB /* PagingCollectionViewCell.swift in Sources */ = {isa = PBXBuildFile; fileRef = 378BDDEE1C05A3E3000DD5BB /* PagingCollectionViewCell.swift */; };
		378BDDF11C05A3E3000DD5BB /* PagingCollectionViewCell.xib in Resources */ = {isa = PBXBuildFile; fileRef = 378BDDEF1C05A3E3000DD5BB /* PagingCollectionViewCell.xib */; };
		378BDDF31C05A3F5000DD5BB /* PagingCollectionViewLayout.swift in Sources */ = {isa = PBXBuildFile; fileRef = 378BDDF21C05A3F5000DD5BB /* PagingCollectionViewLayout.swift */; };
		378BDDF51C05A406000DD5BB /* PagingCollectionView.swift in Sources */ = {isa = PBXBuildFile; fileRef = 378BDDF41C05A406000DD5BB /* PagingCollectionView.swift */; };
		378BDDF71C05A57A000DD5BB /* haikei.png in Resources */ = {isa = PBXBuildFile; fileRef = 378BDDF61C05A57A000DD5BB /* haikei.png */; };
		378BDDF91C05A643000DD5BB /* b300.png in Resources */ = {isa = PBXBuildFile; fileRef = 378BDDF81C05A643000DD5BB /* b300.png */; };
		379112EE1BD817D80024E678 /* Map.swift in Sources */ = {isa = PBXBuildFile; fileRef = 379112ED1BD817D80024E678 /* Map.swift */; };
		379112F01BD818E90024E678 /* MapKit.framework in Frameworks */ = {isa = PBXBuildFile; fileRef = 379112EF1BD818E90024E678 /* MapKit.framework */; };
		379112F21BD818F50024E678 /* CoreLocation.framework in Frameworks */ = {isa = PBXBuildFile; fileRef = 379112F11BD818F50024E678 /* CoreLocation.framework */; };
		37FBD82E1C06B247008AAD03 /* back.png in Resources */ = {isa = PBXBuildFile; fileRef = 37FBD82C1C06B247008AAD03 /* back.png */; };
		37FBD82F1C06B247008AAD03 /* next.png in Resources */ = {isa = PBXBuildFile; fileRef = 37FBD82D1C06B247008AAD03 /* next.png */; };
		8F35236C1BDA141900983274 /* PhotoController.swift in Sources */ = {isa = PBXBuildFile; fileRef = 8F35236B1BDA141900983274 /* PhotoController.swift */; };
		8F71FCAB1C074BF000891228 /* SelectPhoto1Controller.swift in Sources */ = {isa = PBXBuildFile; fileRef = 8F71FCAA1C074BF000891228 /* SelectPhoto1Controller.swift */; };
		8F71FCAD1C074C0B00891228 /* SelectPhoto2Controller.swift in Sources */ = {isa = PBXBuildFile; fileRef = 8F71FCAC1C074C0B00891228 /* SelectPhoto2Controller.swift */; };
		8F71FCAF1C07961B00891228 /* noimage.jpg in Resources */ = {isa = PBXBuildFile; fileRef = 8F71FCAE1C07961B00891228 /* noimage.jpg */; };
		8F71FCB11C07962700891228 /* omote.png in Resources */ = {isa = PBXBuildFile; fileRef = 8F71FCB01C07962700891228 /* omote.png */; };
		8F71FCB51C07AAE700891228 /* CreatePicController.swift in Sources */ = {isa = PBXBuildFile; fileRef = 8F71FCB41C07AAE700891228 /* CreatePicController.swift */; };
		8F71FCB71C07AC5E00891228 /* PrintPreviewController.swift in Sources */ = {isa = PBXBuildFile; fileRef = 8F71FCB61C07AC5E00891228 /* PrintPreviewController.swift */; };
		8FA413C31C0C0EED003BAD1B /* PrintPreview2Controller.swift in Sources */ = {isa = PBXBuildFile; fileRef = 8FA413C21C0C0EED003BAD1B /* PrintPreview2Controller.swift */; };
		8FA413C51C0CFA7F003BAD1B /* PrintPreview1Controller.swift in Sources */ = {isa = PBXBuildFile; fileRef = 8FA413C41C0CFA7F003BAD1B /* PrintPreview1Controller.swift */; };
		9CA1E0221C0430840083591E /* cardList2.swift in Sources */ = {isa = PBXBuildFile; fileRef = 9CA1E0211C0430840083591E /* cardList2.swift */; };
		9CA1E0241C0432370083591E /* setCardList2.swift in Sources */ = {isa = PBXBuildFile; fileRef = 9CA1E0231C0432370083591E /* setCardList2.swift */; };
		9CACB5521BDE150E0024707B /* cardList.swift in Sources */ = {isa = PBXBuildFile; fileRef = 9CACB5511BDE150E0024707B /* cardList.swift */; };
		9CACB5541BDE15760024707B /* cardData.swift in Sources */ = {isa = PBXBuildFile; fileRef = 9CACB5531BDE15760024707B /* cardData.swift */; };
		9CACB5561BDE15970024707B /* setCardList.swift in Sources */ = {isa = PBXBuildFile; fileRef = 9CACB5551BDE15970024707B /* setCardList.swift */; };
		DC23C00C1BD7826B000B2465 /* AppDelegate.swift in Sources */ = {isa = PBXBuildFile; fileRef = DC23C00B1BD7826B000B2465 /* AppDelegate.swift */; };
		DC23C00E1BD7826B000B2465 /* ViewController.swift in Sources */ = {isa = PBXBuildFile; fileRef = DC23C00D1BD7826B000B2465 /* ViewController.swift */; };
		DC23C0111BD7826B000B2465 /* Main.storyboard in Resources */ = {isa = PBXBuildFile; fileRef = DC23C00F1BD7826B000B2465 /* Main.storyboard */; };
		DC23C0131BD7826B000B2465 /* Assets.xcassets in Resources */ = {isa = PBXBuildFile; fileRef = DC23C0121BD7826B000B2465 /* Assets.xcassets */; };
		DC23C0161BD7826B000B2465 /* LaunchScreen.storyboard in Resources */ = {isa = PBXBuildFile; fileRef = DC23C0141BD7826B000B2465 /* LaunchScreen.storyboard */; };
		DC23C0211BD7826C000B2465 /* DBTests.swift in Sources */ = {isa = PBXBuildFile; fileRef = DC23C0201BD7826C000B2465 /* DBTests.swift */; };
		DC23C02C1BD7826C000B2465 /* DBUITests.swift in Sources */ = {isa = PBXBuildFile; fileRef = DC23C02B1BD7826C000B2465 /* DBUITests.swift */; };
		DC4430481C0958FC0006D4F5 /* redpin.png in Resources */ = {isa = PBXBuildFile; fileRef = DC4430471C0958FC0006D4F5 /* redpin.png */; };
		DC4430501C0959380006D4F5 /* bar6.png in Resources */ = {isa = PBXBuildFile; fileRef = DC4430491C0959380006D4F5 /* bar6.png */; };
		DC4430511C0959380006D4F5 /* camera3-3.png in Resources */ = {isa = PBXBuildFile; fileRef = DC44304A1C0959380006D4F5 /* camera3-3.png */; };
		DC4430521C0959380006D4F5 /* card6.png in Resources */ = {isa = PBXBuildFile; fileRef = DC44304B1C0959380006D4F5 /* card6.png */; };
		DC4430531C0959380006D4F5 /* favourites7 (1).png in Resources */ = {isa = PBXBuildFile; fileRef = DC44304C1C0959380006D4F5 /* favourites7 (1).png */; };
		DC4430541C0959380006D4F5 /* pencil41.png in Resources */ = {isa = PBXBuildFile; fileRef = DC44304D1C0959380006D4F5 /* pencil41.png */; };
		DC4430551C0959380006D4F5 /* pin56.png in Resources */ = {isa = PBXBuildFile; fileRef = DC44304E1C0959380006D4F5 /* pin56.png */; };
		DC4430561C0959380006D4F5 /* top画面2.png in Resources */ = {isa = PBXBuildFile; fileRef = DC44304F1C0959380006D4F5 /* top画面2.png */; };
		DC75B6691BD7B16D0025142E /* DB.swift in Sources */ = {isa = PBXBuildFile; fileRef = DC75B6681BD7B16D0025142E /* DB.swift */; };
		DC75B66B1BD7B19D0025142E /* cardDataDB.swift in Sources */ = {isa = PBXBuildFile; fileRef = DC75B66A1BD7B19D0025142E /* cardDataDB.swift */; };
		DCE7BBE91BF6AA890012BCB9 /* cardData.realm in Resources */ = {isa = PBXBuildFile; fileRef = DCE7BBE81BF6AA890012BCB9 /* cardData.realm */; };
/* End PBXBuildFile section */

/* Begin PBXContainerItemProxy section */
		DC23C01D1BD7826C000B2465 /* PBXContainerItemProxy */ = {
			isa = PBXContainerItemProxy;
			containerPortal = DC23C0001BD7826B000B2465 /* Project object */;
			proxyType = 1;
			remoteGlobalIDString = DC23C0071BD7826B000B2465;
			remoteInfo = DB;
		};
		DC23C0281BD7826C000B2465 /* PBXContainerItemProxy */ = {
			isa = PBXContainerItemProxy;
			containerPortal = DC23C0001BD7826B000B2465 /* Project object */;
			proxyType = 1;
			remoteGlobalIDString = DC23C0071BD7826B000B2465;
			remoteInfo = DB;
		};
/* End PBXContainerItemProxy section */

/* Begin PBXCopyFilesBuildPhase section */
		37D699581BD92D9700928757 /* Embed Frameworks */ = {
			isa = PBXCopyFilesBuildPhase;
			buildActionMask = 2147483647;
			dstPath = "";
			dstSubfolderSpec = 10;
			files = (
				37583B201BF6C2A700AC331D /* RealmSwift.framework in Embed Frameworks */,
				37583B1E1BF6C2A700AC331D /* Realm.framework in Embed Frameworks */,
			);
			name = "Embed Frameworks";
			runOnlyForDeploymentPostprocessing = 0;
		};
/* End PBXCopyFilesBuildPhase section */

/* Begin PBXFileReference section */
		37583B1B1BF6C2A700AC331D /* Realm.framework */ = {isa = PBXFileReference; lastKnownFileType = wrapper.framework; path = Realm.framework; sourceTree = "<group>"; };
		37583B1C1BF6C2A700AC331D /* RealmSwift.framework */ = {isa = PBXFileReference; lastKnownFileType = wrapper.framework; path = RealmSwift.framework; sourceTree = "<group>"; };
		378BDDEB1C05A1B7000DD5BB /* album.swift */ = {isa = PBXFileReference; fileEncoding = 4; lastKnownFileType = sourcecode.swift; path = album.swift; sourceTree = "<group>"; };
		378BDDEE1C05A3E3000DD5BB /* PagingCollectionViewCell.swift */ = {isa = PBXFileReference; fileEncoding = 4; lastKnownFileType = sourcecode.swift; path = PagingCollectionViewCell.swift; sourceTree = "<group>"; };
		378BDDEF1C05A3E3000DD5BB /* PagingCollectionViewCell.xib */ = {isa = PBXFileReference; fileEncoding = 4; lastKnownFileType = file.xib; path = PagingCollectionViewCell.xib; sourceTree = "<group>"; };
		378BDDF21C05A3F5000DD5BB /* PagingCollectionViewLayout.swift */ = {isa = PBXFileReference; fileEncoding = 4; lastKnownFileType = sourcecode.swift; path = PagingCollectionViewLayout.swift; sourceTree = "<group>"; };
		378BDDF41C05A406000DD5BB /* PagingCollectionView.swift */ = {isa = PBXFileReference; fileEncoding = 4; lastKnownFileType = sourcecode.swift; path = PagingCollectionView.swift; sourceTree = "<group>"; };
		378BDDF61C05A57A000DD5BB /* haikei.png */ = {isa = PBXFileReference; lastKnownFileType = image.png; path = haikei.png; sourceTree = "<group>"; };
		378BDDF81C05A643000DD5BB /* b300.png */ = {isa = PBXFileReference; lastKnownFileType = image.png; path = b300.png; sourceTree = "<group>"; };
		379112ED1BD817D80024E678 /* Map.swift */ = {isa = PBXFileReference; fileEncoding = 4; lastKnownFileType = sourcecode.swift; path = Map.swift; sourceTree = "<group>"; };
		379112EF1BD818E90024E678 /* MapKit.framework */ = {isa = PBXFileReference; lastKnownFileType = wrapper.framework; name = MapKit.framework; path = System/Library/Frameworks/MapKit.framework; sourceTree = SDKROOT; };
		379112F11BD818F50024E678 /* CoreLocation.framework */ = {isa = PBXFileReference; lastKnownFileType = wrapper.framework; name = CoreLocation.framework; path = System/Library/Frameworks/CoreLocation.framework; sourceTree = SDKROOT; };
		37FBD82C1C06B247008AAD03 /* back.png */ = {isa = PBXFileReference; lastKnownFileType = image.png; path = back.png; sourceTree = "<group>"; };
		37FBD82D1C06B247008AAD03 /* next.png */ = {isa = PBXFileReference; lastKnownFileType = image.png; path = next.png; sourceTree = "<group>"; };
		8F35236B1BDA141900983274 /* PhotoController.swift */ = {isa = PBXFileReference; fileEncoding = 4; lastKnownFileType = sourcecode.swift; path = PhotoController.swift; sourceTree = "<group>"; };
		8F3523A91BE358BA00983274 /* ja */ = {isa = PBXFileReference; lastKnownFileType = text.plist.strings; name = ja; path = ja.lproj/Main.strings; sourceTree = "<group>"; };
		8F3523AA1BE358BA00983274 /* ja */ = {isa = PBXFileReference; lastKnownFileType = text.plist.strings; name = ja; path = ja.lproj/LaunchScreen.strings; sourceTree = "<group>"; };
		8F71FCAA1C074BF000891228 /* SelectPhoto1Controller.swift */ = {isa = PBXFileReference; fileEncoding = 4; lastKnownFileType = sourcecode.swift; path = SelectPhoto1Controller.swift; sourceTree = "<group>"; };
		8F71FCAC1C074C0B00891228 /* SelectPhoto2Controller.swift */ = {isa = PBXFileReference; fileEncoding = 4; lastKnownFileType = sourcecode.swift; path = SelectPhoto2Controller.swift; sourceTree = "<group>"; };
		8F71FCAE1C07961B00891228 /* noimage.jpg */ = {isa = PBXFileReference; lastKnownFileType = image.jpeg; path = noimage.jpg; sourceTree = "<group>"; };
		8F71FCB01C07962700891228 /* omote.png */ = {isa = PBXFileReference; lastKnownFileType = image.png; path = omote.png; sourceTree = "<group>"; };
		8F71FCB41C07AAE700891228 /* CreatePicController.swift */ = {isa = PBXFileReference; fileEncoding = 4; lastKnownFileType = sourcecode.swift; path = CreatePicController.swift; sourceTree = "<group>"; };
		8F71FCB61C07AC5E00891228 /* PrintPreviewController.swift */ = {isa = PBXFileReference; fileEncoding = 4; lastKnownFileType = sourcecode.swift; path = PrintPreviewController.swift; sourceTree = "<group>"; };
		8FA413C21C0C0EED003BAD1B /* PrintPreview2Controller.swift */ = {isa = PBXFileReference; fileEncoding = 4; lastKnownFileType = sourcecode.swift; path = PrintPreview2Controller.swift; sourceTree = "<group>"; };
		8FA413C41C0CFA7F003BAD1B /* PrintPreview1Controller.swift */ = {isa = PBXFileReference; fileEncoding = 4; lastKnownFileType = sourcecode.swift; path = PrintPreview1Controller.swift; sourceTree = "<group>"; };
		9CA1E0211C0430840083591E /* cardList2.swift */ = {isa = PBXFileReference; fileEncoding = 4; lastKnownFileType = sourcecode.swift; path = cardList2.swift; sourceTree = "<group>"; };
		9CA1E0231C0432370083591E /* setCardList2.swift */ = {isa = PBXFileReference; fileEncoding = 4; lastKnownFileType = sourcecode.swift; path = setCardList2.swift; sourceTree = "<group>"; };
		9CACB5511BDE150E0024707B /* cardList.swift */ = {isa = PBXFileReference; fileEncoding = 4; lastKnownFileType = sourcecode.swift; path = cardList.swift; sourceTree = "<group>"; };
		9CACB5531BDE15760024707B /* cardData.swift */ = {isa = PBXFileReference; fileEncoding = 4; lastKnownFileType = sourcecode.swift; path = cardData.swift; sourceTree = "<group>"; };
		9CACB5551BDE15970024707B /* setCardList.swift */ = {isa = PBXFileReference; fileEncoding = 4; lastKnownFileType = sourcecode.swift; path = setCardList.swift; sourceTree = "<group>"; };
		DC23C0081BD7826B000B2465 /* DB.app */ = {isa = PBXFileReference; explicitFileType = wrapper.application; includeInIndex = 0; path = DB.app; sourceTree = BUILT_PRODUCTS_DIR; };
		DC23C00B1BD7826B000B2465 /* AppDelegate.swift */ = {isa = PBXFileReference; lastKnownFileType = sourcecode.swift; path = AppDelegate.swift; sourceTree = "<group>"; };
		DC23C00D1BD7826B000B2465 /* ViewController.swift */ = {isa = PBXFileReference; lastKnownFileType = sourcecode.swift; path = ViewController.swift; sourceTree = "<group>"; };
		DC23C0101BD7826B000B2465 /* Base */ = {isa = PBXFileReference; lastKnownFileType = file.storyboard; name = Base; path = Base.lproj/Main.storyboard; sourceTree = "<group>"; };
		DC23C0121BD7826B000B2465 /* Assets.xcassets */ = {isa = PBXFileReference; lastKnownFileType = folder.assetcatalog; path = Assets.xcassets; sourceTree = "<group>"; };
		DC23C0151BD7826B000B2465 /* Base */ = {isa = PBXFileReference; lastKnownFileType = file.storyboard; name = Base; path = Base.lproj/LaunchScreen.storyboard; sourceTree = "<group>"; };
		DC23C0171BD7826B000B2465 /* Info.plist */ = {isa = PBXFileReference; lastKnownFileType = text.plist.xml; path = Info.plist; sourceTree = "<group>"; };
		DC23C01C1BD7826C000B2465 /* DBTests.xctest */ = {isa = PBXFileReference; explicitFileType = wrapper.cfbundle; includeInIndex = 0; path = DBTests.xctest; sourceTree = BUILT_PRODUCTS_DIR; };
		DC23C0201BD7826C000B2465 /* DBTests.swift */ = {isa = PBXFileReference; lastKnownFileType = sourcecode.swift; path = DBTests.swift; sourceTree = "<group>"; };
		DC23C0221BD7826C000B2465 /* Info.plist */ = {isa = PBXFileReference; lastKnownFileType = text.plist.xml; path = Info.plist; sourceTree = "<group>"; };
		DC23C0271BD7826C000B2465 /* DBUITests.xctest */ = {isa = PBXFileReference; explicitFileType = wrapper.cfbundle; includeInIndex = 0; path = DBUITests.xctest; sourceTree = BUILT_PRODUCTS_DIR; };
		DC23C02B1BD7826C000B2465 /* DBUITests.swift */ = {isa = PBXFileReference; lastKnownFileType = sourcecode.swift; path = DBUITests.swift; sourceTree = "<group>"; };
		DC23C02D1BD7826C000B2465 /* Info.plist */ = {isa = PBXFileReference; lastKnownFileType = text.plist.xml; path = Info.plist; sourceTree = "<group>"; };
		DC4430471C0958FC0006D4F5 /* redpin.png */ = {isa = PBXFileReference; lastKnownFileType = image.png; path = redpin.png; sourceTree = "<group>"; };
		DC4430491C0959380006D4F5 /* bar6.png */ = {isa = PBXFileReference; lastKnownFileType = image.png; path = bar6.png; sourceTree = "<group>"; };
		DC44304A1C0959380006D4F5 /* camera3-3.png */ = {isa = PBXFileReference; lastKnownFileType = image.png; path = "camera3-3.png"; sourceTree = "<group>"; };
		DC44304B1C0959380006D4F5 /* card6.png */ = {isa = PBXFileReference; lastKnownFileType = image.png; path = card6.png; sourceTree = "<group>"; };
		DC44304C1C0959380006D4F5 /* favourites7 (1).png */ = {isa = PBXFileReference; lastKnownFileType = image.png; path = "favourites7 (1).png"; sourceTree = "<group>"; };
		DC44304D1C0959380006D4F5 /* pencil41.png */ = {isa = PBXFileReference; lastKnownFileType = image.png; path = pencil41.png; sourceTree = "<group>"; };
		DC44304E1C0959380006D4F5 /* pin56.png */ = {isa = PBXFileReference; lastKnownFileType = image.png; path = pin56.png; sourceTree = "<group>"; };
		DC44304F1C0959380006D4F5 /* top画面2.png */ = {isa = PBXFileReference; lastKnownFileType = image.png; path = "top画面2.png"; sourceTree = "<group>"; };
		DC75B6681BD7B16D0025142E /* DB.swift */ = {isa = PBXFileReference; fileEncoding = 4; lastKnownFileType = sourcecode.swift; path = DB.swift; sourceTree = "<group>"; };
		DC75B66A1BD7B19D0025142E /* cardDataDB.swift */ = {isa = PBXFileReference; fileEncoding = 4; lastKnownFileType = sourcecode.swift; path = cardDataDB.swift; sourceTree = "<group>"; };
		DCE7BBE81BF6AA890012BCB9 /* cardData.realm */ = {isa = PBXFileReference; lastKnownFileType = file; path = cardData.realm; sourceTree = "<group>"; };
/* End PBXFileReference section */

/* Begin PBXFrameworksBuildPhase section */
		DC23C0051BD7826B000B2465 /* Frameworks */ = {
			isa = PBXFrameworksBuildPhase;
			buildActionMask = 2147483647;
			files = (
				37583B1D1BF6C2A700AC331D /* Realm.framework in Frameworks */,
				379112F21BD818F50024E678 /* CoreLocation.framework in Frameworks */,
				37583B1F1BF6C2A700AC331D /* RealmSwift.framework in Frameworks */,
				379112F01BD818E90024E678 /* MapKit.framework in Frameworks */,
			);
			runOnlyForDeploymentPostprocessing = 0;
		};
		DC23C0191BD7826C000B2465 /* Frameworks */ = {
			isa = PBXFrameworksBuildPhase;
			buildActionMask = 2147483647;
			files = (
			);
			runOnlyForDeploymentPostprocessing = 0;
		};
		DC23C0241BD7826C000B2465 /* Frameworks */ = {
			isa = PBXFrameworksBuildPhase;
			buildActionMask = 2147483647;
			files = (
			);
			runOnlyForDeploymentPostprocessing = 0;
		};
/* End PBXFrameworksBuildPhase section */

/* Begin PBXGroup section */
		378BDDED1C05A3C3000DD5BB /* PagingCollectionView */ = {
			isa = PBXGroup;
			children = (
				378BDDEE1C05A3E3000DD5BB /* PagingCollectionViewCell.swift */,
				378BDDEF1C05A3E3000DD5BB /* PagingCollectionViewCell.xib */,
				378BDDF21C05A3F5000DD5BB /* PagingCollectionViewLayout.swift */,
				378BDDF41C05A406000DD5BB /* PagingCollectionView.swift */,
			);
			name = PagingCollectionView;
			sourceTree = "<group>";
		};
		DC23BFFF1BD7826B000B2465 = {
			isa = PBXGroup;
			children = (
				378BDDED1C05A3C3000DD5BB /* PagingCollectionView */,
				37583B1B1BF6C2A700AC331D /* Realm.framework */,
				37583B1C1BF6C2A700AC331D /* RealmSwift.framework */,
				DCE7BBE81BF6AA890012BCB9 /* cardData.realm */,
				379112F11BD818F50024E678 /* CoreLocation.framework */,
				379112EF1BD818E90024E678 /* MapKit.framework */,
				DC23C00A1BD7826B000B2465 /* DB */,
				DC23C01F1BD7826C000B2465 /* DBTests */,
				DC23C02A1BD7826C000B2465 /* DBUITests */,
				DC23C0091BD7826B000B2465 /* Products */,
			);
			sourceTree = "<group>";
		};
		DC23C0091BD7826B000B2465 /* Products */ = {
			isa = PBXGroup;
			children = (
				DC23C0081BD7826B000B2465 /* DB.app */,
				DC23C01C1BD7826C000B2465 /* DBTests.xctest */,
				DC23C0271BD7826C000B2465 /* DBUITests.xctest */,
			);
			name = Products;
			sourceTree = "<group>";
		};
		DC23C00A1BD7826B000B2465 /* DB */ = {
			isa = PBXGroup;
			children = (
				8F71FCB01C07962700891228 /* omote.png */,
				8F71FCAE1C07961B00891228 /* noimage.jpg */,
				37FBD82C1C06B247008AAD03 /* back.png */,
				37FBD82D1C06B247008AAD03 /* next.png */,
				378BDDF81C05A643000DD5BB /* b300.png */,
				378BDDF61C05A57A000DD5BB /* haikei.png */,
				DC4430471C0958FC0006D4F5 /* redpin.png */,
				DC4430491C0959380006D4F5 /* bar6.png */,
				DC44304A1C0959380006D4F5 /* camera3-3.png */,
				DC44304B1C0959380006D4F5 /* card6.png */,
				DC44304C1C0959380006D4F5 /* favourites7 (1).png */,
				DC44304D1C0959380006D4F5 /* pencil41.png */,
				DC44304E1C0959380006D4F5 /* pin56.png */,
				DC44304F1C0959380006D4F5 /* top画面2.png */,
				DC23C00B1BD7826B000B2465 /* AppDelegate.swift */,
				DC23C00D1BD7826B000B2465 /* ViewController.swift */,
				DC75B66A1BD7B19D0025142E /* cardDataDB.swift */,
				DC75B6681BD7B16D0025142E /* DB.swift */,
				379112ED1BD817D80024E678 /* Map.swift */,
				8F35236B1BDA141900983274 /* PhotoController.swift */,
				378BDDEB1C05A1B7000DD5BB /* album.swift */,
				DC23C00F1BD7826B000B2465 /* Main.storyboard */,
				8F71FCB41C07AAE700891228 /* CreatePicController.swift */,
				8F71FCB61C07AC5E00891228 /* PrintPreviewController.swift */,
				8FA413C41C0CFA7F003BAD1B /* PrintPreview1Controller.swift */,
				8FA413C21C0C0EED003BAD1B /* PrintPreview2Controller.swift */,
				8F71FCAA1C074BF000891228 /* SelectPhoto1Controller.swift */,
				8F71FCAC1C074C0B00891228 /* SelectPhoto2Controller.swift */,
				9CA1E0231C0432370083591E /* setCardList2.swift */,
				9CACB5551BDE15970024707B /* setCardList.swift */,
				9CACB5531BDE15760024707B /* cardData.swift */,
				9CACB5511BDE150E0024707B /* cardList.swift */,
				9CA1E0211C0430840083591E /* cardList2.swift */,
				DC23C0121BD7826B000B2465 /* Assets.xcassets */,
				DC23C0141BD7826B000B2465 /* LaunchScreen.storyboard */,
				DC23C0171BD7826B000B2465 /* Info.plist */,
			);
			path = DB;
			sourceTree = "<group>";
		};
		DC23C01F1BD7826C000B2465 /* DBTests */ = {
			isa = PBXGroup;
			children = (
				DC23C0201BD7826C000B2465 /* DBTests.swift */,
				DC23C0221BD7826C000B2465 /* Info.plist */,
			);
			path = DBTests;
			sourceTree = "<group>";
		};
		DC23C02A1BD7826C000B2465 /* DBUITests */ = {
			isa = PBXGroup;
			children = (
				DC23C02B1BD7826C000B2465 /* DBUITests.swift */,
				DC23C02D1BD7826C000B2465 /* Info.plist */,
			);
			path = DBUITests;
			sourceTree = "<group>";
		};
/* End PBXGroup section */

/* Begin PBXNativeTarget section */
		DC23C0071BD7826B000B2465 /* DB */ = {
			isa = PBXNativeTarget;
			buildConfigurationList = DC23C0301BD7826C000B2465 /* Build configuration list for PBXNativeTarget "DB" */;
			buildPhases = (
				DC23C0041BD7826B000B2465 /* Sources */,
				DC23C0051BD7826B000B2465 /* Frameworks */,
				DC23C0061BD7826B000B2465 /* Resources */,
				37D699581BD92D9700928757 /* Embed Frameworks */,
			);
			buildRules = (
			);
			dependencies = (
			);
			name = DB;
			productName = DB;
			productReference = DC23C0081BD7826B000B2465 /* DB.app */;
			productType = "com.apple.product-type.application";
		};
		DC23C01B1BD7826C000B2465 /* DBTests */ = {
			isa = PBXNativeTarget;
			buildConfigurationList = DC23C0331BD7826C000B2465 /* Build configuration list for PBXNativeTarget "DBTests" */;
			buildPhases = (
				DC23C0181BD7826C000B2465 /* Sources */,
				DC23C0191BD7826C000B2465 /* Frameworks */,
				DC23C01A1BD7826C000B2465 /* Resources */,
			);
			buildRules = (
			);
			dependencies = (
				DC23C01E1BD7826C000B2465 /* PBXTargetDependency */,
			);
			name = DBTests;
			productName = DBTests;
			productReference = DC23C01C1BD7826C000B2465 /* DBTests.xctest */;
			productType = "com.apple.product-type.bundle.unit-test";
		};
		DC23C0261BD7826C000B2465 /* DBUITests */ = {
			isa = PBXNativeTarget;
			buildConfigurationList = DC23C0361BD7826C000B2465 /* Build configuration list for PBXNativeTarget "DBUITests" */;
			buildPhases = (
				DC23C0231BD7826C000B2465 /* Sources */,
				DC23C0241BD7826C000B2465 /* Frameworks */,
				DC23C0251BD7826C000B2465 /* Resources */,
			);
			buildRules = (
			);
			dependencies = (
				DC23C0291BD7826C000B2465 /* PBXTargetDependency */,
			);
			name = DBUITests;
			productName = DBUITests;
			productReference = DC23C0271BD7826C000B2465 /* DBUITests.xctest */;
			productType = "com.apple.product-type.bundle.ui-testing";
		};
/* End PBXNativeTarget section */

/* Begin PBXProject section */
		DC23C0001BD7826B000B2465 /* Project object */ = {
			isa = PBXProject;
			attributes = {
				LastUpgradeCheck = 0700;
				ORGANIZATIONNAME = project03A;
				TargetAttributes = {
					DC23C0071BD7826B000B2465 = {
						CreatedOnToolsVersion = 7.0.1;
						DevelopmentTeam = TLVYAZUQZL;
					};
					DC23C01B1BD7826C000B2465 = {
						CreatedOnToolsVersion = 7.0.1;
						TestTargetID = DC23C0071BD7826B000B2465;
					};
					DC23C0261BD7826C000B2465 = {
						CreatedOnToolsVersion = 7.0.1;
						TestTargetID = DC23C0071BD7826B000B2465;
					};
				};
			};
			buildConfigurationList = DC23C0031BD7826B000B2465 /* Build configuration list for PBXProject "DB" */;
			compatibilityVersion = "Xcode 3.2";
			developmentRegion = English;
			hasScannedForEncodings = 0;
			knownRegions = (
				en,
				Base,
			);
			mainGroup = DC23BFFF1BD7826B000B2465;
			productRefGroup = DC23C0091BD7826B000B2465 /* Products */;
			projectDirPath = "";
			projectRoot = "";
			targets = (
				DC23C0071BD7826B000B2465 /* DB */,
				DC23C01B1BD7826C000B2465 /* DBTests */,
				DC23C0261BD7826C000B2465 /* DBUITests */,
			);
		};
/* End PBXProject section */

/* Begin PBXResourcesBuildPhase section */
		DC23C0061BD7826B000B2465 /* Resources */ = {
			isa = PBXResourcesBuildPhase;
			buildActionMask = 2147483647;
			files = (
				8F71FCB11C07962700891228 /* omote.png in Resources */,
				378BDDF91C05A643000DD5BB /* b300.png in Resources */,
				8F71FCAF1C07961B00891228 /* noimage.jpg in Resources */,
				DCE7BBE91BF6AA890012BCB9 /* cardData.realm in Resources */,
				37FBD82F1C06B247008AAD03 /* next.png in Resources */,
				37FBD82E1C06B247008AAD03 /* back.png in Resources */,
				DC23C0161BD7826B000B2465 /* LaunchScreen.storyboard in Resources */,
				DC4430531C0959380006D4F5 /* favourites7 (1).png in Resources */,
				DC4430561C0959380006D4F5 /* top画面2.png in Resources */,
				DC23C0131BD7826B000B2465 /* Assets.xcassets in Resources */,
				378BDDF11C05A3E3000DD5BB /* PagingCollectionViewCell.xib in Resources */,
				378BDDF71C05A57A000DD5BB /* haikei.png in Resources */,
				DC4430511C0959380006D4F5 /* camera3-3.png in Resources */,
				DC4430501C0959380006D4F5 /* bar6.png in Resources */,
				DC4430481C0958FC0006D4F5 /* redpin.png in Resources */,
				DC4430551C0959380006D4F5 /* pin56.png in Resources */,
				DC4430521C0959380006D4F5 /* card6.png in Resources */,
				DC23C0111BD7826B000B2465 /* Main.storyboard in Resources */,
				DC4430541C0959380006D4F5 /* pencil41.png in Resources */,
			);
			runOnlyForDeploymentPostprocessing = 0;
		};
		DC23C01A1BD7826C000B2465 /* Resources */ = {
			isa = PBXResourcesBuildPhase;
			buildActionMask = 2147483647;
			files = (
			);
			runOnlyForDeploymentPostprocessing = 0;
		};
		DC23C0251BD7826C000B2465 /* Resources */ = {
			isa = PBXResourcesBuildPhase;
			buildActionMask = 2147483647;
			files = (
			);
			runOnlyForDeploymentPostprocessing = 0;
		};
/* End PBXResourcesBuildPhase section */

/* Begin PBXSourcesBuildPhase section */
		DC23C0041BD7826B000B2465 /* Sources */ = {
			isa = PBXSourcesBuildPhase;
			buildActionMask = 2147483647;
			files = (
				8FA413C31C0C0EED003BAD1B /* PrintPreview2Controller.swift in Sources */,
				8F71FCAD1C074C0B00891228 /* SelectPhoto2Controller.swift in Sources */,
				378BDDF31C05A3F5000DD5BB /* PagingCollectionViewLayout.swift in Sources */,
				9CACB5521BDE150E0024707B /* cardList.swift in Sources */,
				9CA1E0241C0432370083591E /* setCardList2.swift in Sources */,
				8F35236C1BDA141900983274 /* PhotoController.swift in Sources */,
				378BDDEC1C05A1B7000DD5BB /* album.swift in Sources */,
				379112EE1BD817D80024E678 /* Map.swift in Sources */,
				8F71FCAB1C074BF000891228 /* SelectPhoto1Controller.swift in Sources */,
				DC23C00E1BD7826B000B2465 /* ViewController.swift in Sources */,
				9CA1E0221C0430840083591E /* cardList2.swift in Sources */,
				8F71FCB51C07AAE700891228 /* CreatePicController.swift in Sources */,
				DC75B66B1BD7B19D0025142E /* cardDataDB.swift in Sources */,
				9CACB5541BDE15760024707B /* cardData.swift in Sources */,
				9CACB5561BDE15970024707B /* setCardList.swift in Sources */,
				8FA413C51C0CFA7F003BAD1B /* PrintPreview1Controller.swift in Sources */,
				378BDDF51C05A406000DD5BB /* PagingCollectionView.swift in Sources */,
				DC23C00C1BD7826B000B2465 /* AppDelegate.swift in Sources */,
				DC75B6691BD7B16D0025142E /* DB.swift in Sources */,
				8F71FCB71C07AC5E00891228 /* PrintPreviewController.swift in Sources */,
				378BDDF01C05A3E3000DD5BB /* PagingCollectionViewCell.swift in Sources */,
			);
			runOnlyForDeploymentPostprocessing = 0;
		};
		DC23C0181BD7826C000B2465 /* Sources */ = {
			isa = PBXSourcesBuildPhase;
			buildActionMask = 2147483647;
			files = (
				DC23C0211BD7826C000B2465 /* DBTests.swift in Sources */,
			);
			runOnlyForDeploymentPostprocessing = 0;
		};
		DC23C0231BD7826C000B2465 /* Sources */ = {
			isa = PBXSourcesBuildPhase;
			buildActionMask = 2147483647;
			files = (
				DC23C02C1BD7826C000B2465 /* DBUITests.swift in Sources */,
			);
			runOnlyForDeploymentPostprocessing = 0;
		};
/* End PBXSourcesBuildPhase section */

/* Begin PBXTargetDependency section */
		DC23C01E1BD7826C000B2465 /* PBXTargetDependency */ = {
			isa = PBXTargetDependency;
			target = DC23C0071BD7826B000B2465 /* DB */;
			targetProxy = DC23C01D1BD7826C000B2465 /* PBXContainerItemProxy */;
		};
		DC23C0291BD7826C000B2465 /* PBXTargetDependency */ = {
			isa = PBXTargetDependency;
			target = DC23C0071BD7826B000B2465 /* DB */;
			targetProxy = DC23C0281BD7826C000B2465 /* PBXContainerItemProxy */;
		};
/* End PBXTargetDependency section */

/* Begin PBXVariantGroup section */
		DC23C00F1BD7826B000B2465 /* Main.storyboard */ = {
			isa = PBXVariantGroup;
			children = (
				DC23C0101BD7826B000B2465 /* Base */,
				8F3523A91BE358BA00983274 /* ja */,
			);
			name = Main.storyboard;
			sourceTree = "<group>";
		};
		DC23C0141BD7826B000B2465 /* LaunchScreen.storyboard */ = {
			isa = PBXVariantGroup;
			children = (
				DC23C0151BD7826B000B2465 /* Base */,
				8F3523AA1BE358BA00983274 /* ja */,
			);
			name = LaunchScreen.storyboard;
			sourceTree = "<group>";
		};
/* End PBXVariantGroup section */

/* Begin XCBuildConfiguration section */
		DC23C02E1BD7826C000B2465 /* Debug */ = {
			isa = XCBuildConfiguration;
			buildSettings = {
				ALWAYS_SEARCH_USER_PATHS = NO;
				CLANG_CXX_LANGUAGE_STANDARD = "gnu++0x";
				CLANG_CXX_LIBRARY = "libc++";
				CLANG_ENABLE_MODULES = YES;
				CLANG_ENABLE_OBJC_ARC = YES;
				CLANG_WARN_BOOL_CONVERSION = YES;
				CLANG_WARN_CONSTANT_CONVERSION = YES;
				CLANG_WARN_DIRECT_OBJC_ISA_USAGE = YES_ERROR;
				CLANG_WARN_EMPTY_BODY = YES;
				CLANG_WARN_ENUM_CONVERSION = YES;
				CLANG_WARN_INT_CONVERSION = YES;
				CLANG_WARN_OBJC_ROOT_CLASS = YES_ERROR;
				CLANG_WARN_UNREACHABLE_CODE = YES;
				CLANG_WARN__DUPLICATE_METHOD_MATCH = YES;
				"CODE_SIGN_IDENTITY[sdk=iphoneos*]" = "iPhone Developer";
				COPY_PHASE_STRIP = NO;
				DEBUG_INFORMATION_FORMAT = dwarf;
				ENABLE_STRICT_OBJC_MSGSEND = YES;
				ENABLE_TESTABILITY = YES;
				GCC_C_LANGUAGE_STANDARD = gnu99;
				GCC_DYNAMIC_NO_PIC = NO;
				GCC_NO_COMMON_BLOCKS = YES;
				GCC_OPTIMIZATION_LEVEL = 0;
				GCC_PREPROCESSOR_DEFINITIONS = (
					"DEBUG=1",
					"$(inherited)",
				);
				GCC_WARN_64_TO_32_BIT_CONVERSION = YES;
				GCC_WARN_ABOUT_RETURN_TYPE = YES_ERROR;
				GCC_WARN_UNDECLARED_SELECTOR = YES;
				GCC_WARN_UNINITIALIZED_AUTOS = YES_AGGRESSIVE;
				GCC_WARN_UNUSED_FUNCTION = YES;
				GCC_WARN_UNUSED_VARIABLE = YES;
				IPHONEOS_DEPLOYMENT_TARGET = 9.0;
				MTL_ENABLE_DEBUG_INFO = YES;
				ONLY_ACTIVE_ARCH = YES;
				SDKROOT = iphoneos;
				SWIFT_OPTIMIZATION_LEVEL = "-Onone";
			};
			name = Debug;
		};
		DC23C02F1BD7826C000B2465 /* Release */ = {
			isa = XCBuildConfiguration;
			buildSettings = {
				ALWAYS_SEARCH_USER_PATHS = NO;
				CLANG_CXX_LANGUAGE_STANDARD = "gnu++0x";
				CLANG_CXX_LIBRARY = "libc++";
				CLANG_ENABLE_MODULES = YES;
				CLANG_ENABLE_OBJC_ARC = YES;
				CLANG_WARN_BOOL_CONVERSION = YES;
				CLANG_WARN_CONSTANT_CONVERSION = YES;
				CLANG_WARN_DIRECT_OBJC_ISA_USAGE = YES_ERROR;
				CLANG_WARN_EMPTY_BODY = YES;
				CLANG_WARN_ENUM_CONVERSION = YES;
				CLANG_WARN_INT_CONVERSION = YES;
				CLANG_WARN_OBJC_ROOT_CLASS = YES_ERROR;
				CLANG_WARN_UNREACHABLE_CODE = YES;
				CLANG_WARN__DUPLICATE_METHOD_MATCH = YES;
				"CODE_SIGN_IDENTITY[sdk=iphoneos*]" = "iPhone Developer";
				COPY_PHASE_STRIP = NO;
				DEBUG_INFORMATION_FORMAT = "dwarf-with-dsym";
				ENABLE_NS_ASSERTIONS = NO;
				ENABLE_STRICT_OBJC_MSGSEND = YES;
				GCC_C_LANGUAGE_STANDARD = gnu99;
				GCC_NO_COMMON_BLOCKS = YES;
				GCC_WARN_64_TO_32_BIT_CONVERSION = YES;
				GCC_WARN_ABOUT_RETURN_TYPE = YES_ERROR;
				GCC_WARN_UNDECLARED_SELECTOR = YES;
				GCC_WARN_UNINITIALIZED_AUTOS = YES_AGGRESSIVE;
				GCC_WARN_UNUSED_FUNCTION = YES;
				GCC_WARN_UNUSED_VARIABLE = YES;
				IPHONEOS_DEPLOYMENT_TARGET = 9.0;
				MTL_ENABLE_DEBUG_INFO = NO;
				SDKROOT = iphoneos;
				VALIDATE_PRODUCT = YES;
			};
			name = Release;
		};
		DC23C0311BD7826C000B2465 /* Debug */ = {
			isa = XCBuildConfiguration;
			buildSettings = {
				ASSETCATALOG_COMPILER_APPICON_NAME = AppIcon;
				CODE_SIGN_IDENTITY = "iPhone Developer";
				"CODE_SIGN_IDENTITY[sdk=iphoneos*]" = "iPhone Developer";
				FRAMEWORK_SEARCH_PATHS = (
					"$(inherited)",
					"$(PROJECT_DIR)",
				);
				INFOPLIST_FILE = DB/Info.plist;
				LD_RUNPATH_SEARCH_PATHS = "$(inherited) @executable_path/Frameworks";
				PRODUCT_BUNDLE_IDENTIFIER = project03A.DB;
				PRODUCT_NAME = "$(TARGET_NAME)";
				PROVISIONING_PROFILE = "";
			};
			name = Debug;
		};
		DC23C0321BD7826C000B2465 /* Release */ = {
			isa = XCBuildConfiguration;
			buildSettings = {
				ASSETCATALOG_COMPILER_APPICON_NAME = AppIcon;
				CODE_SIGN_IDENTITY = "iPhone Developer";
				"CODE_SIGN_IDENTITY[sdk=iphoneos*]" = "iPhone Developer";
				FRAMEWORK_SEARCH_PATHS = (
					"$(inherited)",
					"$(PROJECT_DIR)",
				);
				INFOPLIST_FILE = DB/Info.plist;
				LD_RUNPATH_SEARCH_PATHS = "$(inherited) @executable_path/Frameworks";
				PRODUCT_BUNDLE_IDENTIFIER = project03A.DB;
				PRODUCT_NAME = "$(TARGET_NAME)";
				PROVISIONING_PROFILE = "";
			};
			name = Release;
		};
		DC23C0341BD7826C000B2465 /* Debug */ = {
			isa = XCBuildConfiguration;
			buildSettings = {
				BUNDLE_LOADER = "$(TEST_HOST)";
				INFOPLIST_FILE = DBTests/Info.plist;
				LD_RUNPATH_SEARCH_PATHS = "$(inherited) @executable_path/Frameworks @loader_path/Frameworks";
				PRODUCT_BUNDLE_IDENTIFIER = project03A.DBTests;
				PRODUCT_NAME = "$(TARGET_NAME)";
				TEST_HOST = "$(BUILT_PRODUCTS_DIR)/DB.app/DB";
			};
			name = Debug;
		};
		DC23C0351BD7826C000B2465 /* Release */ = {
			isa = XCBuildConfiguration;
			buildSettings = {
				BUNDLE_LOADER = "$(TEST_HOST)";
				INFOPLIST_FILE = DBTests/Info.plist;
				LD_RUNPATH_SEARCH_PATHS = "$(inherited) @executable_path/Frameworks @loader_path/Frameworks";
				PRODUCT_BUNDLE_IDENTIFIER = project03A.DBTests;
				PRODUCT_NAME = "$(TARGET_NAME)";
				TEST_HOST = "$(BUILT_PRODUCTS_DIR)/DB.app/DB";
			};
			name = Release;
		};
		DC23C0371BD7826C000B2465 /* Debug */ = {
			isa = XCBuildConfiguration;
			buildSettings = {
				INFOPLIST_FILE = DBUITests/Info.plist;
				LD_RUNPATH_SEARCH_PATHS = "$(inherited) @executable_path/Frameworks @loader_path/Frameworks";
				PRODUCT_BUNDLE_IDENTIFIER = project03A.DBUITests;
				PRODUCT_NAME = "$(TARGET_NAME)";
				TEST_TARGET_NAME = DB;
				USES_XCTRUNNER = YES;
			};
			name = Debug;
		};
		DC23C0381BD7826C000B2465 /* Release */ = {
			isa = XCBuildConfiguration;
			buildSettings = {
				INFOPLIST_FILE = DBUITests/Info.plist;
				LD_RUNPATH_SEARCH_PATHS = "$(inherited) @executable_path/Frameworks @loader_path/Frameworks";
				PRODUCT_BUNDLE_IDENTIFIER = project03A.DBUITests;
				PRODUCT_NAME = "$(TARGET_NAME)";
				TEST_TARGET_NAME = DB;
				USES_XCTRUNNER = YES;
			};
			name = Release;
		};
/* End XCBuildConfiguration section */

/* Begin XCConfigurationList section */
		DC23C0031BD7826B000B2465 /* Build configuration list for PBXProject "DB" */ = {
			isa = XCConfigurationList;
			buildConfigurations = (
				DC23C02E1BD7826C000B2465 /* Debug */,
				DC23C02F1BD7826C000B2465 /* Release */,
			);
			defaultConfigurationIsVisible = 0;
			defaultConfigurationName = Release;
		};
		DC23C0301BD7826C000B2465 /* Build configuration list for PBXNativeTarget "DB" */ = {
			isa = XCConfigurationList;
			buildConfigurations = (
				DC23C0311BD7826C000B2465 /* Debug */,
				DC23C0321BD7826C000B2465 /* Release */,
			);
			defaultConfigurationIsVisible = 0;
			defaultConfigurationName = Release;
		};
		DC23C0331BD7826C000B2465 /* Build configuration list for PBXNativeTarget "DBTests" */ = {
			isa = XCConfigurationList;
			buildConfigurations = (
				DC23C0341BD7826C000B2465 /* Debug */,
				DC23C0351BD7826C000B2465 /* Release */,
			);
			defaultConfigurationIsVisible = 0;
			defaultConfigurationName = Release;
		};
		DC23C0361BD7826C000B2465 /* Build configuration list for PBXNativeTarget "DBUITests" */ = {
			isa = XCConfigurationList;
			buildConfigurations = (
				DC23C0371BD7826C000B2465 /* Debug */,
				DC23C0381BD7826C000B2465 /* Release */,
			);
			defaultConfigurationIsVisible = 0;
			defaultConfigurationName = Release;
		};
/* End XCConfigurationList section */
	};
	rootObject = DC23C0001BD7826B000B2465 /* Project object */;
}
