PODS:
  - Realm (3.0.1):
    - Realm/Headers (= 3.0.1)
  - Realm/Headers (3.0.1)
  - RealmSwift (3.0.1):
    - Realm (= 3.0.1)
  - SKPhotoBrowser (5.0.0)

DEPENDENCIES:
  - RealmSwift
  - SKPhotoBrowser (from `https://github.com/suzuki-0000/SKPhotoBrowser.git`)

EXTERNAL SOURCES:
  SKPhotoBrowser:
    :git: https://github.com/suzuki-0000/SKPhotoBrowser.git

CHECKOUT OPTIONS:
  SKPhotoBrowser:
    :commit: 3ac9abd16363d16042c61c8ce2949ebdc726ea4d
    :git: https://github.com/suzuki-0000/SKPhotoBrowser.git

SPEC CHECKSUMS:
  Realm: ba6144c74f835f7497791f6599d63a7755377b83
  RealmSwift: 7d13b1ac4b6022a13f841e3143e7789c9e40ad0d
  SKPhotoBrowser: 539edd834eca539afeb623c0913752a638a5994e

PODFILE CHECKSUM: cfbc7164d0f891c518212eee56ab04393894fcbf

COCOAPODS: 1.0.0
