// !$*UTF8*$!
{
	archiveVersion = 1;
	classes = {
	};
	objectVersion = 46;
	objects = {

/* Begin PBXBuildFile section */
		377DAA761CCE798F00B7BA65 /* Realm.framework in Frameworks */ = {isa = PBXBuildFile; fileRef = 377DAA741CCE798F00B7BA65 /* Realm.framework */; };
		377DAA771CCE798F00B7BA65 /* Realm.framework in Embed Frameworks */ = {isa = PBXBuildFile; fileRef = 377DAA741CCE798F00B7BA65 /* Realm.framework */; settings = {ATTRIBUTES = (CodeSignOnCopy, RemoveHeadersOnCopy, ); }; };
		377DAA781CCE798F00B7BA65 /* RealmSwift.framework in Frameworks */ = {isa = PBXBuildFile; fileRef = 377DAA751CCE798F00B7BA65 /* RealmSwift.framework */; };
		377DAA791CCE798F00B7BA65 /* RealmSwift.framework in Embed Frameworks */ = {isa = PBXBuildFile; fileRef = 377DAA751CCE798F00B7BA65 /* RealmSwift.framework */; settings = {ATTRIBUTES = (CodeSignOnCopy, RemoveHeadersOnCopy, ); }; };
		378BDDF01C05A3E3000DD5BB /* PagingCollectionViewCell.swift in Sources */ = {isa = PBXBuildFile; fileRef = 378BDDEE1C05A3E3000DD5BB /* PagingCollectionViewCell.swift */; };
		378BDDF11C05A3E3000DD5BB /* PagingCollectionViewCell.xib in Resources */ = {isa = PBXBuildFile; fileRef = 378BDDEF1C05A3E3000DD5BB /* PagingCollectionViewCell.xib */; };
		378BDDF31C05A3F5000DD5BB /* PagingCollectionViewLayout.swift in Sources */ = {isa = PBXBuildFile; fileRef = 378BDDF21C05A3F5000DD5BB /* PagingCollectionViewLayout.swift */; };
		378BDDF51C05A406000DD5BB /* PagingCollectionView.swift in Sources */ = {isa = PBXBuildFile; fileRef = 378BDDF41C05A406000DD5BB /* PagingCollectionView.swift */; };
		378BDDF71C05A57A000DD5BB /* haikei.png in Resources */ = {isa = PBXBuildFile; fileRef = 378BDDF61C05A57A000DD5BB /* haikei.png */; };
		378BDDF91C05A643000DD5BB /* b300.png in Resources */ = {isa = PBXBuildFile; fileRef = 378BDDF81C05A643000DD5BB /* b300.png */; };
		378E84611C117AF9008B0E39 /* kiko.png in Resources */ = {isa = PBXBuildFile; fileRef = 378E84601C117AF9008B0E39 /* kiko.png */; };
		379112EE1BD817D80024E678 /* Map.swift in Sources */ = {isa = PBXBuildFile; fileRef = 379112ED1BD817D80024E678 /* Map.swift */; };
		379112F01BD818E90024E678 /* MapKit.framework in Frameworks */ = {isa = PBXBuildFile; fileRef = 379112EF1BD818E90024E678 /* MapKit.framework */; };
		379112F21BD818F50024E678 /* CoreLocation.framework in Frameworks */ = {isa = PBXBuildFile; fileRef = 379112F11BD818F50024E678 /* CoreLocation.framework */; };
		37BBBC461C095E730098B625 /* album_userphoto.swift in Sources */ = {isa = PBXBuildFile; fileRef = 37BBBC451C095E730098B625 /* album_userphoto.swift */; };
		37BBBC481C095E870098B625 /* album_defaultphoto.swift in Sources */ = {isa = PBXBuildFile; fileRef = 37BBBC471C095E870098B625 /* album_defaultphoto.swift */; };
		37FBD82E1C06B247008AAD03 /* back.png in Resources */ = {isa = PBXBuildFile; fileRef = 37FBD82C1C06B247008AAD03 /* back.png */; };
		37FBD82F1C06B247008AAD03 /* next.png in Resources */ = {isa = PBXBuildFile; fileRef = 37FBD82D1C06B247008AAD03 /* next.png */; };
		3B218F301D1407AC00B66C6F /* splash6plus.png in Resources */ = {isa = PBXBuildFile; fileRef = 3B218F2E1D1407AC00B66C6F /* splash6plus.png */; };
		3B218F311D1407AC00B66C6F /* splash6.png in Resources */ = {isa = PBXBuildFile; fileRef = 3B218F2F1D1407AC00B66C6F /* splash6.png */; };
		3B218F331D14080D00B66C6F /* splash5.png in Resources */ = {isa = PBXBuildFile; fileRef = 3B218F321D14080D00B66C6F /* splash5.png */; };
		3B218F371D14088A00B66C6F /* splash640.png in Resources */ = {isa = PBXBuildFile; fileRef = 3B218F361D14088A00B66C6F /* splash640.png */; };
		3B218F391D1408AC00B66C6F /* splash320.png in Resources */ = {isa = PBXBuildFile; fileRef = 3B218F381D1408AC00B66C6F /* splash320.png */; };
		3B46D9FF1D338144005BD81A /* information.swift in Sources */ = {isa = PBXBuildFile; fileRef = 3B46D9FE1D338144005BD81A /* information.swift */; };
		3B5629641D45E28E007D0E94 /* new_kanko.png in Resources */ = {isa = PBXBuildFile; fileRef = 3B5629631D45E28E007D0E94 /* new_kanko.png */; };
		3B5629661D45E438007D0E94 /* info_2.png in Resources */ = {isa = PBXBuildFile; fileRef = 3B5629651D45E438007D0E94 /* info_2.png */; };
		8F151AE21D2F746600BED73D /* black.JPG in Resources */ = {isa = PBXBuildFile; fileRef = 8F151AE11D2F746600BED73D /* black.JPG */; };
		8F31DF091D49E4B600758187 /* omote.jpg in Resources */ = {isa = PBXBuildFile; fileRef = 8F31DF081D49E4B600758187 /* omote.jpg */; };
		8F35236C1BDA141900983274 /* PhotoController.swift in Sources */ = {isa = PBXBuildFile; fileRef = 8F35236B1BDA141900983274 /* PhotoController.swift */; };
		8F526FBA1D4C8DA20060A4EB /* redpin30px.png in Resources */ = {isa = PBXBuildFile; fileRef = 8F526FB91D4C8DA20060A4EB /* redpin30px.png */; };
		8F71FCB71C07AC5E00891228 /* PrintPreviewController.swift in Sources */ = {isa = PBXBuildFile; fileRef = 8F71FCB61C07AC5E00891228 /* PrintPreviewController.swift */; };
		8F7AC35E1C13386400C51E9F /* PhotoSelectViewController.swift in Sources */ = {isa = PBXBuildFile; fileRef = 8F7AC35D1C13386400C51E9F /* PhotoSelectViewController.swift */; };
		8F7AC36E1C17DC0300C51E9F /* noimage.png in Resources */ = {isa = PBXBuildFile; fileRef = 8F7AC36D1C17DC0300C51E9F /* noimage.png */; };
		8FA413CF1C0F9441003BAD1B /* CreateViewController.swift in Sources */ = {isa = PBXBuildFile; fileRef = 8FA413CE1C0F9441003BAD1B /* CreateViewController.swift */; };
		9C4D92311C141CF8009A5659 /* photoViewer.swift in Sources */ = {isa = PBXBuildFile; fileRef = 9C4D92301C141CF8009A5659 /* photoViewer.swift */; };
		9C4D92331C14623A009A5659 /* edit_tips.png in Resources */ = {isa = PBXBuildFile; fileRef = 9C4D92321C14623A009A5659 /* edit_tips.png */; };
		9C4D92431C1A4DFC009A5659 /* s_title.png in Resources */ = {isa = PBXBuildFile; fileRef = 9C4D92421C1A4DFC009A5659 /* s_title.png */; };
		9C4D924F1C1A5128009A5659 /* s_hurikaeri.png in Resources */ = {isa = PBXBuildFile; fileRef = 9C4D924E1C1A5128009A5659 /* s_hurikaeri.png */; };
		9C4D92531C1A513A009A5659 /* s_print.png in Resources */ = {isa = PBXBuildFile; fileRef = 9C4D92521C1A513A009A5659 /* s_print.png */; };
		9C4D92551C1A51CE009A5659 /* s_kanko.png in Resources */ = {isa = PBXBuildFile; fileRef = 9C4D92541C1A51CE009A5659 /* s_kanko.png */; };
		9CA1E0221C0430840083591E /* cardList2.swift in Sources */ = {isa = PBXBuildFile; fileRef = 9CA1E0211C0430840083591E /* cardList2.swift */; };
		9CA1E0241C0432370083591E /* setCardList2.swift in Sources */ = {isa = PBXBuildFile; fileRef = 9CA1E0231C0432370083591E /* setCardList2.swift */; };
		9CA1E0261C0AEAC90083591E /* top画面.png in Resources */ = {isa = PBXBuildFile; fileRef = 9CA1E0251C0AEAC90083591E /* top画面.png */; };
		9CA1E0281C0AEC090083591E /* hurikaeri.png in Resources */ = {isa = PBXBuildFile; fileRef = 9CA1E0271C0AEC090083591E /* hurikaeri.png */; };
		9CA1E02C1C0AEC190083591E /* print.png in Resources */ = {isa = PBXBuildFile; fileRef = 9CA1E02B1C0AEC190083591E /* print.png */; };
		9CA1E02E1C0AF3600083591E /* background.png in Resources */ = {isa = PBXBuildFile; fileRef = 9CA1E02D1C0AF3600083591E /* background.png */; };
		9CA1E0301C0AF36A0083591E /* title.png in Resources */ = {isa = PBXBuildFile; fileRef = 9CA1E02F1C0AF36A0083591E /* title.png */; };
		9CACB5521BDE150E0024707B /* cardList.swift in Sources */ = {isa = PBXBuildFile; fileRef = 9CACB5511BDE150E0024707B /* cardList.swift */; };
		9CACB5541BDE15760024707B /* cardData.swift in Sources */ = {isa = PBXBuildFile; fileRef = 9CACB5531BDE15760024707B /* cardData.swift */; };
		9CACB5561BDE15970024707B /* setCardList.swift in Sources */ = {isa = PBXBuildFile; fileRef = 9CACB5551BDE15970024707B /* setCardList.swift */; };
		DC08FCBE1C13E6A1002252F2 /* Edit.swift in Sources */ = {isa = PBXBuildFile; fileRef = DC08FCBD1C13E6A1002252F2 /* Edit.swift */; };
		DC08FCC41C13EF04002252F2 /* ki-ko01.png in Resources */ = {isa = PBXBuildFile; fileRef = DC08FCC31C13EF04002252F2 /* ki-ko01.png */; };
		DC08FCC71C1585C4002252F2 /* tablebackground.png in Resources */ = {isa = PBXBuildFile; fileRef = DC08FCC51C1585C4002252F2 /* tablebackground.png */; };
		DC08FCDA1C158D09002252F2 /* fa3.png in Resources */ = {isa = PBXBuildFile; fileRef = DC08FCD91C158D09002252F2 /* fa3.png */; };
		DC08FCE81C1A5FE5002252F2 /* cardData.realm in Resources */ = {isa = PBXBuildFile; fileRef = DC08FCE71C1A5FE5002252F2 /* cardData.realm */; };
		DC23C00C1BD7826B000B2465 /* AppDelegate.swift in Sources */ = {isa = PBXBuildFile; fileRef = DC23C00B1BD7826B000B2465 /* AppDelegate.swift */; };
		DC23C00E1BD7826B000B2465 /* ViewController.swift in Sources */ = {isa = PBXBuildFile; fileRef = DC23C00D1BD7826B000B2465 /* ViewController.swift */; };
		DC23C0111BD7826B000B2465 /* Main.storyboard in Resources */ = {isa = PBXBuildFile; fileRef = DC23C00F1BD7826B000B2465 /* Main.storyboard */; };
		DC23C0131BD7826B000B2465 /* Assets.xcassets in Resources */ = {isa = PBXBuildFile; fileRef = DC23C0121BD7826B000B2465 /* Assets.xcassets */; };
		DC23C0161BD7826B000B2465 /* LaunchScreen.storyboard in Resources */ = {isa = PBXBuildFile; fileRef = DC23C0141BD7826B000B2465 /* LaunchScreen.storyboard */; };
		DC23C0211BD7826C000B2465 /* DBTests.swift in Sources */ = {isa = PBXBuildFile; fileRef = DC23C0201BD7826C000B2465 /* DBTests.swift */; };
		DC23C02C1BD7826C000B2465 /* DBUITests.swift in Sources */ = {isa = PBXBuildFile; fileRef = DC23C02B1BD7826C000B2465 /* DBUITests.swift */; };
		DC4430501C0959380006D4F5 /* bar6.png in Resources */ = {isa = PBXBuildFile; fileRef = DC4430491C0959380006D4F5 /* bar6.png */; };
		DC4430511C0959380006D4F5 /* camera3-3.png in Resources */ = {isa = PBXBuildFile; fileRef = DC44304A1C0959380006D4F5 /* camera3-3.png */; };
		DC4430521C0959380006D4F5 /* card6.png in Resources */ = {isa = PBXBuildFile; fileRef = DC44304B1C0959380006D4F5 /* card6.png */; };
		DC4430531C0959380006D4F5 /* favourites7 (1).png in Resources */ = {isa = PBXBuildFile; fileRef = DC44304C1C0959380006D4F5 /* favourites7 (1).png */; };
		DC4430541C0959380006D4F5 /* pencil41.png in Resources */ = {isa = PBXBuildFile; fileRef = DC44304D1C0959380006D4F5 /* pencil41.png */; };
		DC4430551C0959380006D4F5 /* pin56.png in Resources */ = {isa = PBXBuildFile; fileRef = DC44304E1C0959380006D4F5 /* pin56.png */; };
		DC4430AC1C0FFEA90006D4F5 /* haikei.jpg in Resources */ = {isa = PBXBuildFile; fileRef = DC4430AA1C0FFEA90006D4F5 /* haikei.jpg */; };
		DC75B6691BD7B16D0025142E /* DB.swift in Sources */ = {isa = PBXBuildFile; fileRef = DC75B6681BD7B16D0025142E /* DB.swift */; };
		DC75B66B1BD7B19D0025142E /* cardDataDB.swift in Sources */ = {isa = PBXBuildFile; fileRef = DC75B66A1BD7B19D0025142E /* cardDataDB.swift */; };
/* End PBXBuildFile section */

/* Begin PBXContainerItemProxy section */
		DC23C01D1BD7826C000B2465 /* PBXContainerItemProxy */ = {
			isa = PBXContainerItemProxy;
			containerPortal = DC23C0001BD7826B000B2465 /* Project object */;
			proxyType = 1;
			remoteGlobalIDString = DC23C0071BD7826B000B2465;
			remoteInfo = DB;
		};
		DC23C0281BD7826C000B2465 /* PBXContainerItemProxy */ = {
			isa = PBXContainerItemProxy;
			containerPortal = DC23C0001BD7826B000B2465 /* Project object */;
			proxyType = 1;
			remoteGlobalIDString = DC23C0071BD7826B000B2465;
			remoteInfo = DB;
		};
/* End PBXContainerItemProxy section */

/* Begin PBXCopyFilesBuildPhase section */
		377DAA7A1CCE798F00B7BA65 /* Embed Frameworks */ = {
			isa = PBXCopyFilesBuildPhase;
			buildActionMask = 2147483647;
			dstPath = "";
			dstSubfolderSpec = 10;
			files = (
				377DAA791CCE798F00B7BA65 /* RealmSwift.framework in Embed Frameworks */,
				377DAA771CCE798F00B7BA65 /* Realm.framework in Embed Frameworks */,
			);
			name = "Embed Frameworks";
			runOnlyForDeploymentPostprocessing = 0;
		};
/* End PBXCopyFilesBuildPhase section */

/* Begin PBXFileReference section */
		377DAA741CCE798F00B7BA65 /* Realm.framework */ = {isa = PBXFileReference; lastKnownFileType = wrapper.framework; path = Realm.framework; sourceTree = "<group>"; };
		377DAA751CCE798F00B7BA65 /* RealmSwift.framework */ = {isa = PBXFileReference; lastKnownFileType = wrapper.framework; path = RealmSwift.framework; sourceTree = "<group>"; };
		378BDDEE1C05A3E3000DD5BB /* PagingCollectionViewCell.swift */ = {isa = PBXFileReference; fileEncoding = 4; lastKnownFileType = sourcecode.swift; path = PagingCollectionViewCell.swift; sourceTree = "<group>"; };
		378BDDEF1C05A3E3000DD5BB /* PagingCollectionViewCell.xib */ = {isa = PBXFileReference; fileEncoding = 4; lastKnownFileType = file.xib; path = PagingCollectionViewCell.xib; sourceTree = "<group>"; };
		378BDDF21C05A3F5000DD5BB /* PagingCollectionViewLayout.swift */ = {isa = PBXFileReference; fileEncoding = 4; lastKnownFileType = sourcecode.swift; path = PagingCollectionViewLayout.swift; sourceTree = "<group>"; };
		378BDDF41C05A406000DD5BB /* PagingCollectionView.swift */ = {isa = PBXFileReference; fileEncoding = 4; lastKnownFileType = sourcecode.swift; path = PagingCollectionView.swift; sourceTree = "<group>"; };
		378BDDF61C05A57A000DD5BB /* haikei.png */ = {isa = PBXFileReference; lastKnownFileType = image.png; path = haikei.png; sourceTree = "<group>"; };
		378BDDF81C05A643000DD5BB /* b300.png */ = {isa = PBXFileReference; lastKnownFileType = image.png; path = b300.png; sourceTree = "<group>"; };
		378E84601C117AF9008B0E39 /* kiko.png */ = {isa = PBXFileReference; lastKnownFileType = image.png; path = kiko.png; sourceTree = "<group>"; };
		379112ED1BD817D80024E678 /* Map.swift */ = {isa = PBXFileReference; fileEncoding = 4; lastKnownFileType = sourcecode.swift; path = Map.swift; sourceTree = "<group>"; };
		379112EF1BD818E90024E678 /* MapKit.framework */ = {isa = PBXFileReference; lastKnownFileType = wrapper.framework; name = MapKit.framework; path = System/Library/Frameworks/MapKit.framework; sourceTree = SDKROOT; };
		379112F11BD818F50024E678 /* CoreLocation.framework */ = {isa = PBXFileReference; lastKnownFileType = wrapper.framework; name = CoreLocation.framework; path = System/Library/Frameworks/CoreLocation.framework; sourceTree = SDKROOT; };
		37BBBC451C095E730098B625 /* album_userphoto.swift */ = {isa = PBXFileReference; fileEncoding = 4; lastKnownFileType = sourcecode.swift; path = album_userphoto.swift; sourceTree = "<group>"; };
		37BBBC471C095E870098B625 /* album_defaultphoto.swift */ = {isa = PBXFileReference; fileEncoding = 4; lastKnownFileType = sourcecode.swift; name = album_defaultphoto.swift; path = ../album_defaultphoto.swift; sourceTree = "<group>"; };
		37FBD82C1C06B247008AAD03 /* back.png */ = {isa = PBXFileReference; lastKnownFileType = image.png; path = back.png; sourceTree = "<group>"; };
		37FBD82D1C06B247008AAD03 /* next.png */ = {isa = PBXFileReference; lastKnownFileType = image.png; path = next.png; sourceTree = "<group>"; };
		3B218F2E1D1407AC00B66C6F /* splash6plus.png */ = {isa = PBXFileReference; lastKnownFileType = image.png; path = splash6plus.png; sourceTree = "<group>"; };
		3B218F2F1D1407AC00B66C6F /* splash6.png */ = {isa = PBXFileReference; lastKnownFileType = image.png; path = splash6.png; sourceTree = "<group>"; };
		3B218F321D14080D00B66C6F /* splash5.png */ = {isa = PBXFileReference; lastKnownFileType = image.png; path = splash5.png; sourceTree = "<group>"; };
		3B218F361D14088A00B66C6F /* splash640.png */ = {isa = PBXFileReference; lastKnownFileType = image.png; path = splash640.png; sourceTree = "<group>"; };
		3B218F381D1408AC00B66C6F /* splash320.png */ = {isa = PBXFileReference; lastKnownFileType = image.png; path = splash320.png; sourceTree = "<group>"; };
		3B46D9FE1D338144005BD81A /* information.swift */ = {isa = PBXFileReference; fileEncoding = 4; lastKnownFileType = sourcecode.swift; name = information.swift; path = ../information.swift; sourceTree = "<group>"; };
		3B5629631D45E28E007D0E94 /* new_kanko.png */ = {isa = PBXFileReference; lastKnownFileType = image.png; path = new_kanko.png; sourceTree = "<group>"; };
		3B5629651D45E438007D0E94 /* info_2.png */ = {isa = PBXFileReference; lastKnownFileType = image.png; path = info_2.png; sourceTree = "<group>"; };
		8F151AE11D2F746600BED73D /* black.JPG */ = {isa = PBXFileReference; lastKnownFileType = image.jpeg; path = black.JPG; sourceTree = "<group>"; };
		8F31DF081D49E4B600758187 /* omote.jpg */ = {isa = PBXFileReference; lastKnownFileType = image.jpeg; path = omote.jpg; sourceTree = "<group>"; };
		8F35236B1BDA141900983274 /* PhotoController.swift */ = {isa = PBXFileReference; fileEncoding = 4; lastKnownFileType = sourcecode.swift; path = PhotoController.swift; sourceTree = "<group>"; };
		8F3523A91BE358BA00983274 /* ja */ = {isa = PBXFileReference; lastKnownFileType = text.plist.strings; name = ja; path = ja.lproj/Main.strings; sourceTree = "<group>"; };
		8F3523AA1BE358BA00983274 /* ja */ = {isa = PBXFileReference; lastKnownFileType = text.plist.strings; name = ja; path = ja.lproj/LaunchScreen.strings; sourceTree = "<group>"; };
		8F526FB91D4C8DA20060A4EB /* redpin30px.png */ = {isa = PBXFileReference; lastKnownFileType = image.png; path = redpin30px.png; sourceTree = "<group>"; };
		8F71FCB61C07AC5E00891228 /* PrintPreviewController.swift */ = {isa = PBXFileReference; fileEncoding = 4; lastKnownFileType = sourcecode.swift; path = PrintPreviewController.swift; sourceTree = "<group>"; };
		8F7AC35D1C13386400C51E9F /* PhotoSelectViewController.swift */ = {isa = PBXFileReference; fileEncoding = 4; lastKnownFileType = sourcecode.swift; path = PhotoSelectViewController.swift; sourceTree = "<group>"; };
		8F7AC36D1C17DC0300C51E9F /* noimage.png */ = {isa = PBXFileReference; lastKnownFileType = image.png; path = noimage.png; sourceTree = "<group>"; };
		8FA413CE1C0F9441003BAD1B /* CreateViewController.swift */ = {isa = PBXFileReference; fileEncoding = 4; lastKnownFileType = sourcecode.swift; path = CreateViewController.swift; sourceTree = "<group>"; };
		9C4D92301C141CF8009A5659 /* photoViewer.swift */ = {isa = PBXFileReference; fileEncoding = 4; lastKnownFileType = sourcecode.swift; path = photoViewer.swift; sourceTree = "<group>"; };
		9C4D92321C14623A009A5659 /* edit_tips.png */ = {isa = PBXFileReference; lastKnownFileType = image.png; path = edit_tips.png; sourceTree = "<group>"; };
		9C4D92421C1A4DFC009A5659 /* s_title.png */ = {isa = PBXFileReference; lastKnownFileType = image.png; path = s_title.png; sourceTree = "<group>"; };
		9C4D924E1C1A5128009A5659 /* s_hurikaeri.png */ = {isa = PBXFileReference; lastKnownFileType = image.png; path = s_hurikaeri.png; sourceTree = "<group>"; };
		9C4D92521C1A513A009A5659 /* s_print.png */ = {isa = PBXFileReference; lastKnownFileType = image.png; path = s_print.png; sourceTree = "<group>"; };
		9C4D92541C1A51CE009A5659 /* s_kanko.png */ = {isa = PBXFileReference; lastKnownFileType = image.png; path = s_kanko.png; sourceTree = "<group>"; };
		9CA1E0211C0430840083591E /* cardList2.swift */ = {isa = PBXFileReference; fileEncoding = 4; lastKnownFileType = sourcecode.swift; path = cardList2.swift; sourceTree = "<group>"; };
		9CA1E0231C0432370083591E /* setCardList2.swift */ = {isa = PBXFileReference; fileEncoding = 4; lastKnownFileType = sourcecode.swift; path = setCardList2.swift; sourceTree = "<group>"; };
		9CA1E0251C0AEAC90083591E /* top画面.png */ = {isa = PBXFileReference; lastKnownFileType = image.png; path = "top画面.png"; sourceTree = "<group>"; };
		9CA1E0271C0AEC090083591E /* hurikaeri.png */ = {isa = PBXFileReference; lastKnownFileType = image.png; path = hurikaeri.png; sourceTree = "<group>"; };
		9CA1E02B1C0AEC190083591E /* print.png */ = {isa = PBXFileReference; lastKnownFileType = image.png; path = print.png; sourceTree = "<group>"; };
		9CA1E02D1C0AF3600083591E /* background.png */ = {isa = PBXFileReference; lastKnownFileType = image.png; path = background.png; sourceTree = "<group>"; };
		9CA1E02F1C0AF36A0083591E /* title.png */ = {isa = PBXFileReference; lastKnownFileType = image.png; path = title.png; sourceTree = "<group>"; };
		9CACB5511BDE150E0024707B /* cardList.swift */ = {isa = PBXFileReference; fileEncoding = 4; lastKnownFileType = sourcecode.swift; path = cardList.swift; sourceTree = "<group>"; };
		9CACB5531BDE15760024707B /* cardData.swift */ = {isa = PBXFileReference; fileEncoding = 4; lastKnownFileType = sourcecode.swift; path = cardData.swift; sourceTree = "<group>"; };
		9CACB5551BDE15970024707B /* setCardList.swift */ = {isa = PBXFileReference; fileEncoding = 4; lastKnownFileType = sourcecode.swift; path = setCardList.swift; sourceTree = "<group>"; };
		DC08FCBD1C13E6A1002252F2 /* Edit.swift */ = {isa = PBXFileReference; fileEncoding = 4; lastKnownFileType = sourcecode.swift; path = Edit.swift; sourceTree = "<group>"; };
		DC08FCC31C13EF04002252F2 /* ki-ko01.png */ = {isa = PBXFileReference; lastKnownFileType = image.png; path = "ki-ko01.png"; sourceTree = "<group>"; };
		DC08FCC51C1585C4002252F2 /* tablebackground.png */ = {isa = PBXFileReference; lastKnownFileType = image.png; name = tablebackground.png; path = ../tablebackground.png; sourceTree = "<group>"; };
		DC08FCD91C158D09002252F2 /* fa3.png */ = {isa = PBXFileReference; lastKnownFileType = image.png; name = fa3.png; path = ../fa3.png; sourceTree = "<group>"; };
		DC08FCE71C1A5FE5002252F2 /* cardData.realm */ = {isa = PBXFileReference; lastKnownFileType = file; path = cardData.realm; sourceTree = "<group>"; };
		DC23C0081BD7826B000B2465 /* ki-ko_kikou.app */ = {isa = PBXFileReference; explicitFileType = wrapper.application; includeInIndex = 0; path = "ki-ko_kikou.app"; sourceTree = BUILT_PRODUCTS_DIR; };
		DC23C00B1BD7826B000B2465 /* AppDelegate.swift */ = {isa = PBXFileReference; lastKnownFileType = sourcecode.swift; path = AppDelegate.swift; sourceTree = "<group>"; };
		DC23C00D1BD7826B000B2465 /* ViewController.swift */ = {isa = PBXFileReference; lastKnownFileType = sourcecode.swift; path = ViewController.swift; sourceTree = "<group>"; };
		DC23C0101BD7826B000B2465 /* Base */ = {isa = PBXFileReference; lastKnownFileType = file.storyboard; name = Base; path = Base.lproj/Main.storyboard; sourceTree = "<group>"; };
		DC23C0121BD7826B000B2465 /* Assets.xcassets */ = {isa = PBXFileReference; lastKnownFileType = folder.assetcatalog; path = Assets.xcassets; sourceTree = "<group>"; };
		DC23C0151BD7826B000B2465 /* Base */ = {isa = PBXFileReference; lastKnownFileType = file.storyboard; name = Base; path = Base.lproj/LaunchScreen.storyboard; sourceTree = "<group>"; };
		DC23C0171BD7826B000B2465 /* Info.plist */ = {isa = PBXFileReference; lastKnownFileType = text.plist.xml; path = Info.plist; sourceTree = "<group>"; };
		DC23C01C1BD7826C000B2465 /* ki-ko_kikou.xctest */ = {isa = PBXFileReference; explicitFileType = wrapper.cfbundle; includeInIndex = 0; path = "ki-ko_kikou.xctest"; sourceTree = BUILT_PRODUCTS_DIR; };
		DC23C0201BD7826C000B2465 /* DBTests.swift */ = {isa = PBXFileReference; lastKnownFileType = sourcecode.swift; path = DBTests.swift; sourceTree = "<group>"; };
		DC23C0221BD7826C000B2465 /* Info.plist */ = {isa = PBXFileReference; lastKnownFileType = text.plist.xml; path = Info.plist; sourceTree = "<group>"; };
		DC23C0271BD7826C000B2465 /* ki-ko_kikou.xctest */ = {isa = PBXFileReference; explicitFileType = wrapper.cfbundle; includeInIndex = 0; path = "ki-ko_kikou.xctest"; sourceTree = BUILT_PRODUCTS_DIR; };
		DC23C02B1BD7826C000B2465 /* DBUITests.swift */ = {isa = PBXFileReference; lastKnownFileType = sourcecode.swift; path = DBUITests.swift; sourceTree = "<group>"; };
		DC23C02D1BD7826C000B2465 /* Info.plist */ = {isa = PBXFileReference; lastKnownFileType = text.plist.xml; path = Info.plist; sourceTree = "<group>"; };
		DC4430491C0959380006D4F5 /* bar6.png */ = {isa = PBXFileReference; lastKnownFileType = image.png; path = bar6.png; sourceTree = "<group>"; };
		DC44304A1C0959380006D4F5 /* camera3-3.png */ = {isa = PBXFileReference; lastKnownFileType = image.png; path = "camera3-3.png"; sourceTree = "<group>"; };
		DC44304B1C0959380006D4F5 /* card6.png */ = {isa = PBXFileReference; lastKnownFileType = image.png; path = card6.png; sourceTree = "<group>"; };
		DC44304C1C0959380006D4F5 /* favourites7 (1).png */ = {isa = PBXFileReference; lastKnownFileType = image.png; path = "favourites7 (1).png"; sourceTree = "<group>"; };
		DC44304D1C0959380006D4F5 /* pencil41.png */ = {isa = PBXFileReference; lastKnownFileType = image.png; path = pencil41.png; sourceTree = "<group>"; };
		DC44304E1C0959380006D4F5 /* pin56.png */ = {isa = PBXFileReference; lastKnownFileType = image.png; path = pin56.png; sourceTree = "<group>"; };
		DC4430AA1C0FFEA90006D4F5 /* haikei.jpg */ = {isa = PBXFileReference; lastKnownFileType = image.jpeg; name = haikei.jpg; path = ../haikei.jpg; sourceTree = "<group>"; };
		DC75B6681BD7B16D0025142E /* DB.swift */ = {isa = PBXFileReference; fileEncoding = 4; lastKnownFileType = sourcecode.swift; path = DB.swift; sourceTree = "<group>"; };
		DC75B66A1BD7B19D0025142E /* cardDataDB.swift */ = {isa = PBXFileReference; fileEncoding = 4; lastKnownFileType = sourcecode.swift; path = cardDataDB.swift; sourceTree = "<group>"; };
/* End PBXFileReference section */

/* Begin PBXFrameworksBuildPhase section */
		DC23C0051BD7826B000B2465 /* Frameworks */ = {
			isa = PBXFrameworksBuildPhase;
			buildActionMask = 2147483647;
			files = (
				377DAA761CCE798F00B7BA65 /* Realm.framework in Frameworks */,
				379112F21BD818F50024E678 /* CoreLocation.framework in Frameworks */,
				377DAA781CCE798F00B7BA65 /* RealmSwift.framework in Frameworks */,
				379112F01BD818E90024E678 /* MapKit.framework in Frameworks */,
			);
			runOnlyForDeploymentPostprocessing = 0;
		};
		DC23C0191BD7826C000B2465 /* Frameworks */ = {
			isa = PBXFrameworksBuildPhase;
			buildActionMask = 2147483647;
			files = (
			);
			runOnlyForDeploymentPostprocessing = 0;
		};
		DC23C0241BD7826C000B2465 /* Frameworks */ = {
			isa = PBXFrameworksBuildPhase;
			buildActionMask = 2147483647;
			files = (
			);
			runOnlyForDeploymentPostprocessing = 0;
		};
/* End PBXFrameworksBuildPhase section */

/* Begin PBXGroup section */
		378BDDED1C05A3C3000DD5BB /* PagingCollectionView */ = {
			isa = PBXGroup;
			children = (
				378BDDEE1C05A3E3000DD5BB /* PagingCollectionViewCell.swift */,
				378BDDEF1C05A3E3000DD5BB /* PagingCollectionViewCell.xib */,
				378BDDF21C05A3F5000DD5BB /* PagingCollectionViewLayout.swift */,
				378BDDF41C05A406000DD5BB /* PagingCollectionView.swift */,
				378E84601C117AF9008B0E39 /* kiko.png */,
			);
			name = PagingCollectionView;
			sourceTree = "<group>";
		};
		DC23BFFF1BD7826B000B2465 = {
			isa = PBXGroup;
			children = (
				377DAA741CCE798F00B7BA65 /* Realm.framework */,
				377DAA751CCE798F00B7BA65 /* RealmSwift.framework */,
				DC08FCE71C1A5FE5002252F2 /* cardData.realm */,
				378BDDED1C05A3C3000DD5BB /* PagingCollectionView */,
				379112F11BD818F50024E678 /* CoreLocation.framework */,
				379112EF1BD818E90024E678 /* MapKit.framework */,
				DC23C00A1BD7826B000B2465 /* DB */,
				DC23C01F1BD7826C000B2465 /* DBTests */,
				DC23C02A1BD7826C000B2465 /* DBUITests */,
				DC23C0091BD7826B000B2465 /* Products */,
			);
			sourceTree = "<group>";
		};
		DC23C0091BD7826B000B2465 /* Products */ = {
			isa = PBXGroup;
			children = (
				DC23C0081BD7826B000B2465 /* ki-ko_kikou.app */,
				DC23C01C1BD7826C000B2465 /* ki-ko_kikou.xctest */,
				DC23C0271BD7826C000B2465 /* ki-ko_kikou.xctest */,
			);
			name = Products;
			sourceTree = "<group>";
		};
		DC23C00A1BD7826B000B2465 /* DB */ = {
			isa = PBXGroup;
			children = (
				8F7AC36D1C17DC0300C51E9F /* noimage.png */,
				DC08FCD91C158D09002252F2 /* fa3.png */,
				DC08FCC51C1585C4002252F2 /* tablebackground.png */,
				DC4430AA1C0FFEA90006D4F5 /* haikei.jpg */,
				9CA1E02D1C0AF3600083591E /* background.png */,
				9CA1E02F1C0AF36A0083591E /* title.png */,
				9CA1E0271C0AEC090083591E /* hurikaeri.png */,
				9CA1E02B1C0AEC190083591E /* print.png */,
				8F31DF081D49E4B600758187 /* omote.jpg */,
				37FBD82C1C06B247008AAD03 /* back.png */,
				8F526FB91D4C8DA20060A4EB /* redpin30px.png */,
				37FBD82D1C06B247008AAD03 /* next.png */,
				378BDDF81C05A643000DD5BB /* b300.png */,
				378BDDF61C05A57A000DD5BB /* haikei.png */,
				DC4430491C0959380006D4F5 /* bar6.png */,
				DC44304A1C0959380006D4F5 /* camera3-3.png */,
				DC44304B1C0959380006D4F5 /* card6.png */,
				DC44304C1C0959380006D4F5 /* favourites7 (1).png */,
				DC44304D1C0959380006D4F5 /* pencil41.png */,
				9CA1E0251C0AEAC90083591E /* top画面.png */,
				DC44304E1C0959380006D4F5 /* pin56.png */,
				9C4D92321C14623A009A5659 /* edit_tips.png */,
				DC08FCC31C13EF04002252F2 /* ki-ko01.png */,
				9C4D92421C1A4DFC009A5659 /* s_title.png */,
				9C4D92541C1A51CE009A5659 /* s_kanko.png */,
				3B5629631D45E28E007D0E94 /* new_kanko.png */,
				9C4D924E1C1A5128009A5659 /* s_hurikaeri.png */,
				9C4D92521C1A513A009A5659 /* s_print.png */,
				3B218F2E1D1407AC00B66C6F /* splash6plus.png */,
				3B218F2F1D1407AC00B66C6F /* splash6.png */,
				3B218F321D14080D00B66C6F /* splash5.png */,
				3B218F361D14088A00B66C6F /* splash640.png */,
				3B218F381D1408AC00B66C6F /* splash320.png */,
				8F151AE11D2F746600BED73D /* black.JPG */,
				3B5629651D45E438007D0E94 /* info_2.png */,
				DC23C00F1BD7826B000B2465 /* Main.storyboard */,
				DC23C00B1BD7826B000B2465 /* AppDelegate.swift */,
				DC23C00D1BD7826B000B2465 /* ViewController.swift */,
				DC75B66A1BD7B19D0025142E /* cardDataDB.swift */,
				DC75B6681BD7B16D0025142E /* DB.swift */,
				379112ED1BD817D80024E678 /* Map.swift */,
				8F35236B1BDA141900983274 /* PhotoController.swift */,
				3B46D9FE1D338144005BD81A /* information.swift */,
				9C4D92301C141CF8009A5659 /* photoViewer.swift */,
				8F7AC35D1C13386400C51E9F /* PhotoSelectViewController.swift */,
				8FA413CE1C0F9441003BAD1B /* CreateViewController.swift */,
				DC08FCBD1C13E6A1002252F2 /* Edit.swift */,
				8F71FCB61C07AC5E00891228 /* PrintPreviewController.swift */,
				37BBBC471C095E870098B625 /* album_defaultphoto.swift */,
				37BBBC451C095E730098B625 /* album_userphoto.swift */,
				9CA1E0231C0432370083591E /* setCardList2.swift */,
				9CACB5551BDE15970024707B /* setCardList.swift */,
				9CACB5531BDE15760024707B /* cardData.swift */,
				9CACB5511BDE150E0024707B /* cardList.swift */,
				9CA1E0211C0430840083591E /* cardList2.swift */,
				DC23C0121BD7826B000B2465 /* Assets.xcassets */,
				DC23C0141BD7826B000B2465 /* LaunchScreen.storyboard */,
				DC23C0171BD7826B000B2465 /* Info.plist */,
			);
			path = DB;
			sourceTree = "<group>";
		};
		DC23C01F1BD7826C000B2465 /* DBTests */ = {
			isa = PBXGroup;
			children = (
				DC23C0201BD7826C000B2465 /* DBTests.swift */,
				DC23C0221BD7826C000B2465 /* Info.plist */,
			);
			path = DBTests;
			sourceTree = "<group>";
		};
		DC23C02A1BD7826C000B2465 /* DBUITests */ = {
			isa = PBXGroup;
			children = (
				DC23C02B1BD7826C000B2465 /* DBUITests.swift */,
				DC23C02D1BD7826C000B2465 /* Info.plist */,
			);
			path = DBUITests;
			sourceTree = "<group>";
		};
/* End PBXGroup section */

/* Begin PBXNativeTarget section */
		DC23C0071BD7826B000B2465 /* ki-ko_kikou */ = {
			isa = PBXNativeTarget;
			buildConfigurationList = DC23C0301BD7826C000B2465 /* Build configuration list for PBXNativeTarget "ki-ko_kikou" */;
			buildPhases = (
				DC23C0041BD7826B000B2465 /* Sources */,
				DC23C0051BD7826B000B2465 /* Frameworks */,
				DC23C0061BD7826B000B2465 /* Resources */,
				377DAA7A1CCE798F00B7BA65 /* Embed Frameworks */,
			);
			buildRules = (
			);
			dependencies = (
			);
			name = "ki-ko_kikou";
			productName = DB;
			productReference = DC23C0081BD7826B000B2465 /* ki-ko_kikou.app */;
			productType = "com.apple.product-type.application";
		};
		DC23C01B1BD7826C000B2465 /* ki-ko_kikouTests */ = {
			isa = PBXNativeTarget;
			buildConfigurationList = DC23C0331BD7826C000B2465 /* Build configuration list for PBXNativeTarget "ki-ko_kikouTests" */;
			buildPhases = (
				DC23C0181BD7826C000B2465 /* Sources */,
				DC23C0191BD7826C000B2465 /* Frameworks */,
				DC23C01A1BD7826C000B2465 /* Resources */,
			);
			buildRules = (
			);
			dependencies = (
				DC23C01E1BD7826C000B2465 /* PBXTargetDependency */,
			);
			name = "ki-ko_kikouTests";
			productName = DBTests;
			productReference = DC23C01C1BD7826C000B2465 /* ki-ko_kikou.xctest */;
			productType = "com.apple.product-type.bundle.unit-test";
		};
		DC23C0261BD7826C000B2465 /* ki-ko_kikouUITests */ = {
			isa = PBXNativeTarget;
			buildConfigurationList = DC23C0361BD7826C000B2465 /* Build configuration list for PBXNativeTarget "ki-ko_kikouUITests" */;
			buildPhases = (
				DC23C0231BD7826C000B2465 /* Sources */,
				DC23C0241BD7826C000B2465 /* Frameworks */,
				DC23C0251BD7826C000B2465 /* Resources */,
			);
			buildRules = (
			);
			dependencies = (
				DC23C0291BD7826C000B2465 /* PBXTargetDependency */,
			);
			name = "ki-ko_kikouUITests";
			productName = DBUITests;
			productReference = DC23C0271BD7826C000B2465 /* ki-ko_kikou.xctest */;
			productType = "com.apple.product-type.bundle.ui-testing";
		};
/* End PBXNativeTarget section */

/* Begin PBXProject section */
		DC23C0001BD7826B000B2465 /* Project object */ = {
			isa = PBXProject;
			attributes = {
				LastUpgradeCheck = 0700;
				ORGANIZATIONNAME = project03A;
				TargetAttributes = {
					DC23C0071BD7826B000B2465 = {
						CreatedOnToolsVersion = 7.0.1;
					};
					DC23C01B1BD7826C000B2465 = {
						CreatedOnToolsVersion = 7.0.1;
						TestTargetID = DC23C0071BD7826B000B2465;
					};
					DC23C0261BD7826C000B2465 = {
						CreatedOnToolsVersion = 7.0.1;
						TestTargetID = DC23C0071BD7826B000B2465;
					};
				};
			};
			buildConfigurationList = DC23C0031BD7826B000B2465 /* Build configuration list for PBXProject "ki-ko_kikou" */;
			compatibilityVersion = "Xcode 3.2";
			developmentRegion = English;
			hasScannedForEncodings = 0;
			knownRegions = (
				en,
				Base,
			);
			mainGroup = DC23BFFF1BD7826B000B2465;
			productRefGroup = DC23C0091BD7826B000B2465 /* Products */;
			projectDirPath = "";
			projectRoot = "";
			targets = (
				DC23C0071BD7826B000B2465 /* ki-ko_kikou */,
				DC23C01B1BD7826C000B2465 /* ki-ko_kikouTests */,
				DC23C0261BD7826C000B2465 /* ki-ko_kikouUITests */,
			);
		};
/* End PBXProject section */

/* Begin PBXResourcesBuildPhase section */
		DC23C0061BD7826B000B2465 /* Resources */ = {
			isa = PBXResourcesBuildPhase;
			buildActionMask = 2147483647;
			files = (
				DC08FCDA1C158D09002252F2 /* fa3.png in Resources */,
				DC08FCE81C1A5FE5002252F2 /* cardData.realm in Resources */,
				DC08FCC71C1585C4002252F2 /* tablebackground.png in Resources */,
				9C4D924F1C1A5128009A5659 /* s_hurikaeri.png in Resources */,
				8F151AE21D2F746600BED73D /* black.JPG in Resources */,
				3B5629641D45E28E007D0E94 /* new_kanko.png in Resources */,
				DC4430AC1C0FFEA90006D4F5 /* haikei.jpg in Resources */,
				8F31DF091D49E4B600758187 /* omote.jpg in Resources */,
				378E84611C117AF9008B0E39 /* kiko.png in Resources */,
				9CA1E0261C0AEAC90083591E /* top画面.png in Resources */,
				3B218F331D14080D00B66C6F /* splash5.png in Resources */,
				9C4D92431C1A4DFC009A5659 /* s_title.png in Resources */,
				378BDDF91C05A643000DD5BB /* b300.png in Resources */,
				9C4D92331C14623A009A5659 /* edit_tips.png in Resources */,
				DC08FCC41C13EF04002252F2 /* ki-ko01.png in Resources */,
				9CA1E0281C0AEC090083591E /* hurikaeri.png in Resources */,
				37FBD82F1C06B247008AAD03 /* next.png in Resources */,
				9C4D92551C1A51CE009A5659 /* s_kanko.png in Resources */,
				37FBD82E1C06B247008AAD03 /* back.png in Resources */,
				DC23C0161BD7826B000B2465 /* LaunchScreen.storyboard in Resources */,
				3B218F391D1408AC00B66C6F /* splash320.png in Resources */,
				DC4430531C0959380006D4F5 /* favourites7 (1).png in Resources */,
				3B5629661D45E438007D0E94 /* info_2.png in Resources */,
				DC23C0131BD7826B000B2465 /* Assets.xcassets in Resources */,
				378BDDF11C05A3E3000DD5BB /* PagingCollectionViewCell.xib in Resources */,
				378BDDF71C05A57A000DD5BB /* haikei.png in Resources */,
				3B218F301D1407AC00B66C6F /* splash6plus.png in Resources */,
				9CA1E0301C0AF36A0083591E /* title.png in Resources */,
				8F526FBA1D4C8DA20060A4EB /* redpin30px.png in Resources */,
				DC4430511C0959380006D4F5 /* camera3-3.png in Resources */,
				DC4430501C0959380006D4F5 /* bar6.png in Resources */,
				3B218F371D14088A00B66C6F /* splash640.png in Resources */,
				8F7AC36E1C17DC0300C51E9F /* noimage.png in Resources */,
				9CA1E02C1C0AEC190083591E /* print.png in Resources */,
				3B218F311D1407AC00B66C6F /* splash6.png in Resources */,
				DC4430551C0959380006D4F5 /* pin56.png in Resources */,
				DC4430521C0959380006D4F5 /* card6.png in Resources */,
				DC23C0111BD7826B000B2465 /* Main.storyboard in Resources */,
				DC4430541C0959380006D4F5 /* pencil41.png in Resources */,
				9C4D92531C1A513A009A5659 /* s_print.png in Resources */,
				9CA1E02E1C0AF3600083591E /* background.png in Resources */,
			);
			runOnlyForDeploymentPostprocessing = 0;
		};
		DC23C01A1BD7826C000B2465 /* Resources */ = {
			isa = PBXResourcesBuildPhase;
			buildActionMask = 2147483647;
			files = (
			);
			runOnlyForDeploymentPostprocessing = 0;
		};
		DC23C0251BD7826C000B2465 /* Resources */ = {
			isa = PBXResourcesBuildPhase;
			buildActionMask = 2147483647;
			files = (
			);
			runOnlyForDeploymentPostprocessing = 0;
		};
/* End PBXResourcesBuildPhase section */

/* Begin PBXSourcesBuildPhase section */
		DC23C0041BD7826B000B2465 /* Sources */ = {
			isa = PBXSourcesBuildPhase;
			buildActionMask = 2147483647;
			files = (
				378BDDF31C05A3F5000DD5BB /* PagingCollectionViewLayout.swift in Sources */,
				9CACB5521BDE150E0024707B /* cardList.swift in Sources */,
				37BBBC461C095E730098B625 /* album_userphoto.swift in Sources */,
				DC08FCBE1C13E6A1002252F2 /* Edit.swift in Sources */,
				9CA1E0241C0432370083591E /* setCardList2.swift in Sources */,
				8F35236C1BDA141900983274 /* PhotoController.swift in Sources */,
				379112EE1BD817D80024E678 /* Map.swift in Sources */,
				8F7AC35E1C13386400C51E9F /* PhotoSelectViewController.swift in Sources */,
				8FA413CF1C0F9441003BAD1B /* CreateViewController.swift in Sources */,
				DC23C00E1BD7826B000B2465 /* ViewController.swift in Sources */,
				3B46D9FF1D338144005BD81A /* information.swift in Sources */,
				37BBBC481C095E870098B625 /* album_defaultphoto.swift in Sources */,
				9CA1E0221C0430840083591E /* cardList2.swift in Sources */,
				9C4D92311C141CF8009A5659 /* photoViewer.swift in Sources */,
				DC75B66B1BD7B19D0025142E /* cardDataDB.swift in Sources */,
				9CACB5541BDE15760024707B /* cardData.swift in Sources */,
				9CACB5561BDE15970024707B /* setCardList.swift in Sources */,
				378BDDF51C05A406000DD5BB /* PagingCollectionView.swift in Sources */,
				DC23C00C1BD7826B000B2465 /* AppDelegate.swift in Sources */,
				DC75B6691BD7B16D0025142E /* DB.swift in Sources */,
				8F71FCB71C07AC5E00891228 /* PrintPreviewController.swift in Sources */,
				378BDDF01C05A3E3000DD5BB /* PagingCollectionViewCell.swift in Sources */,
			);
			runOnlyForDeploymentPostprocessing = 0;
		};
		DC23C0181BD7826C000B2465 /* Sources */ = {
			isa = PBXSourcesBuildPhase;
			buildActionMask = 2147483647;
			files = (
				DC23C0211BD7826C000B2465 /* DBTests.swift in Sources */,
			);
			runOnlyForDeploymentPostprocessing = 0;
		};
		DC23C0231BD7826C000B2465 /* Sources */ = {
			isa = PBXSourcesBuildPhase;
			buildActionMask = 2147483647;
			files = (
				DC23C02C1BD7826C000B2465 /* DBUITests.swift in Sources */,
			);
			runOnlyForDeploymentPostprocessing = 0;
		};
/* End PBXSourcesBuildPhase section */

/* Begin PBXTargetDependency section */
		DC23C01E1BD7826C000B2465 /* PBXTargetDependency */ = {
			isa = PBXTargetDependency;
			target = DC23C0071BD7826B000B2465 /* ki-ko_kikou */;
			targetProxy = DC23C01D1BD7826C000B2465 /* PBXContainerItemProxy */;
		};
		DC23C0291BD7826C000B2465 /* PBXTargetDependency */ = {
			isa = PBXTargetDependency;
			target = DC23C0071BD7826B000B2465 /* ki-ko_kikou */;
			targetProxy = DC23C0281BD7826C000B2465 /* PBXContainerItemProxy */;
		};
/* End PBXTargetDependency section */

/* Begin PBXVariantGroup section */
		DC23C00F1BD7826B000B2465 /* Main.storyboard */ = {
			isa = PBXVariantGroup;
			children = (
				DC23C0101BD7826B000B2465 /* Base */,
				8F3523A91BE358BA00983274 /* ja */,
			);
			name = Main.storyboard;
			sourceTree = "<group>";
		};
		DC23C0141BD7826B000B2465 /* LaunchScreen.storyboard */ = {
			isa = PBXVariantGroup;
			children = (
				DC23C0151BD7826B000B2465 /* Base */,
				8F3523AA1BE358BA00983274 /* ja */,
			);
			name = LaunchScreen.storyboard;
			sourceTree = "<group>";
		};
/* End PBXVariantGroup section */

/* Begin XCBuildConfiguration section */
		DC23C02E1BD7826C000B2465 /* Debug */ = {
			isa = XCBuildConfiguration;
			buildSettings = {
				ALWAYS_SEARCH_USER_PATHS = NO;
				CLANG_CXX_LANGUAGE_STANDARD = "gnu++0x";
				CLANG_CXX_LIBRARY = "libc++";
				CLANG_ENABLE_MODULES = YES;
				CLANG_ENABLE_OBJC_ARC = YES;
				CLANG_WARN_BOOL_CONVERSION = YES;
				CLANG_WARN_CONSTANT_CONVERSION = YES;
				CLANG_WARN_DIRECT_OBJC_ISA_USAGE = YES_ERROR;
				CLANG_WARN_EMPTY_BODY = YES;
				CLANG_WARN_ENUM_CONVERSION = YES;
				CLANG_WARN_INT_CONVERSION = YES;
				CLANG_WARN_OBJC_ROOT_CLASS = YES_ERROR;
				CLANG_WARN_UNREACHABLE_CODE = YES;
				CLANG_WARN__DUPLICATE_METHOD_MATCH = YES;
				"CODE_SIGN_IDENTITY[sdk=iphoneos*]" = "iPhone Developer";
				COPY_PHASE_STRIP = NO;
				DEBUG_INFORMATION_FORMAT = dwarf;
				ENABLE_STRICT_OBJC_MSGSEND = YES;
				ENABLE_TESTABILITY = YES;
				GCC_C_LANGUAGE_STANDARD = gnu99;
				GCC_DYNAMIC_NO_PIC = NO;
				GCC_NO_COMMON_BLOCKS = YES;
				GCC_OPTIMIZATION_LEVEL = 0;
				GCC_PREPROCESSOR_DEFINITIONS = (
					"DEBUG=1",
					"$(inherited)",
				);
				GCC_WARN_64_TO_32_BIT_CONVERSION = YES;
				GCC_WARN_ABOUT_RETURN_TYPE = YES_ERROR;
				GCC_WARN_UNDECLARED_SELECTOR = YES;
				GCC_WARN_UNINITIALIZED_AUTOS = YES_AGGRESSIVE;
				GCC_WARN_UNUSED_FUNCTION = YES;
				GCC_WARN_UNUSED_VARIABLE = YES;
				IPHONEOS_DEPLOYMENT_TARGET = 9.0;
				MTL_ENABLE_DEBUG_INFO = YES;
				ONLY_ACTIVE_ARCH = YES;
				SDKROOT = iphoneos;
				SWIFT_OPTIMIZATION_LEVEL = "-Onone";
			};
			name = Debug;
		};
		DC23C02F1BD7826C000B2465 /* Release */ = {
			isa = XCBuildConfiguration;
			buildSettings = {
				ALWAYS_SEARCH_USER_PATHS = NO;
				CLANG_CXX_LANGUAGE_STANDARD = "gnu++0x";
				CLANG_CXX_LIBRARY = "libc++";
				CLANG_ENABLE_MODULES = YES;
				CLANG_ENABLE_OBJC_ARC = YES;
				CLANG_WARN_BOOL_CONVERSION = YES;
				CLANG_WARN_CONSTANT_CONVERSION = YES;
				CLANG_WARN_DIRECT_OBJC_ISA_USAGE = YES_ERROR;
				CLANG_WARN_EMPTY_BODY = YES;
				CLANG_WARN_ENUM_CONVERSION = YES;
				CLANG_WARN_INT_CONVERSION = YES;
				CLANG_WARN_OBJC_ROOT_CLASS = YES_ERROR;
				CLANG_WARN_UNREACHABLE_CODE = YES;
				CLANG_WARN__DUPLICATE_METHOD_MATCH = YES;
				"CODE_SIGN_IDENTITY[sdk=iphoneos*]" = "iPhone Developer";
				COPY_PHASE_STRIP = NO;
				DEBUG_INFORMATION_FORMAT = "dwarf-with-dsym";
				ENABLE_NS_ASSERTIONS = NO;
				ENABLE_STRICT_OBJC_MSGSEND = YES;
				GCC_C_LANGUAGE_STANDARD = gnu99;
				GCC_NO_COMMON_BLOCKS = YES;
				GCC_WARN_64_TO_32_BIT_CONVERSION = YES;
				GCC_WARN_ABOUT_RETURN_TYPE = YES_ERROR;
				GCC_WARN_UNDECLARED_SELECTOR = YES;
				GCC_WARN_UNINITIALIZED_AUTOS = YES_AGGRESSIVE;
				GCC_WARN_UNUSED_FUNCTION = YES;
				GCC_WARN_UNUSED_VARIABLE = YES;
				IPHONEOS_DEPLOYMENT_TARGET = 9.0;
				MTL_ENABLE_DEBUG_INFO = NO;
				SDKROOT = iphoneos;
				VALIDATE_PRODUCT = YES;
			};
			name = Release;
		};
		DC23C0311BD7826C000B2465 /* Debug */ = {
			isa = XCBuildConfiguration;
			buildSettings = {
				ASSETCATALOG_COMPILER_APPICON_NAME = AppIcon;
				CODE_SIGN_IDENTITY = "iPhone Developer";
				"CODE_SIGN_IDENTITY[sdk=iphoneos*]" = "iPhone Developer";
				FRAMEWORK_SEARCH_PATHS = (
					"$(inherited)",
					"$(PROJECT_DIR)",
				);
				INFOPLIST_FILE = DB/Info.plist;
				LD_RUNPATH_SEARCH_PATHS = "$(inherited) @executable_path/Frameworks";
				PRODUCT_BUNDLE_IDENTIFIER = com.kiko;
				PRODUCT_NAME = "ki-ko_kikou";
				PROVISIONING_PROFILE = "";
			};
			name = Debug;
		};
		DC23C0321BD7826C000B2465 /* Release */ = {
			isa = XCBuildConfiguration;
			buildSettings = {
				ASSETCATALOG_COMPILER_APPICON_NAME = AppIcon;
				CODE_SIGN_IDENTITY = "iPhone Developer";
				"CODE_SIGN_IDENTITY[sdk=iphoneos*]" = "iPhone Developer";
				FRAMEWORK_SEARCH_PATHS = (
					"$(inherited)",
					"$(PROJECT_DIR)",
				);
				INFOPLIST_FILE = DB/Info.plist;
				LD_RUNPATH_SEARCH_PATHS = "$(inherited) @executable_path/Frameworks";
				PRODUCT_BUNDLE_IDENTIFIER = com.kiko;
				PRODUCT_NAME = "ki-ko_kikou";
				PROVISIONING_PROFILE = "";
			};
			name = Release;
		};
		DC23C0341BD7826C000B2465 /* Debug */ = {
			isa = XCBuildConfiguration;
			buildSettings = {
				BUNDLE_LOADER = "$(TEST_HOST)";
				INFOPLIST_FILE = DBTests/Info.plist;
				LD_RUNPATH_SEARCH_PATHS = "$(inherited) @executable_path/Frameworks @loader_path/Frameworks";
				PRODUCT_BUNDLE_IDENTIFIER = project03A.DBTests;
				PRODUCT_NAME = "ki-ko_kikou";
				TEST_HOST = "$(BUILT_PRODUCTS_DIR)/ki-ko_kikou.app/ki-ko_kikou";
			};
			name = Debug;
		};
		DC23C0351BD7826C000B2465 /* Release */ = {
			isa = XCBuildConfiguration;
			buildSettings = {
				BUNDLE_LOADER = "$(TEST_HOST)";
				INFOPLIST_FILE = DBTests/Info.plist;
				LD_RUNPATH_SEARCH_PATHS = "$(inherited) @executable_path/Frameworks @loader_path/Frameworks";
				PRODUCT_BUNDLE_IDENTIFIER = project03A.DBTests;
				PRODUCT_NAME = "ki-ko_kikou";
				TEST_HOST = "$(BUILT_PRODUCTS_DIR)/ki-ko_kikou.app/ki-ko_kikou";
			};
			name = Release;
		};
		DC23C0371BD7826C000B2465 /* Debug */ = {
			isa = XCBuildConfiguration;
			buildSettings = {
				INFOPLIST_FILE = DBUITests/Info.plist;
				LD_RUNPATH_SEARCH_PATHS = "$(inherited) @executable_path/Frameworks @loader_path/Frameworks";
				PRODUCT_BUNDLE_IDENTIFIER = project03A.DBUITests;
				PRODUCT_NAME = "ki-ko_kikou";
				TEST_TARGET_NAME = DB;
				USES_XCTRUNNER = YES;
			};
			name = Debug;
		};
		DC23C0381BD7826C000B2465 /* Release */ = {
			isa = XCBuildConfiguration;
			buildSettings = {
				INFOPLIST_FILE = DBUITests/Info.plist;
				LD_RUNPATH_SEARCH_PATHS = "$(inherited) @executable_path/Frameworks @loader_path/Frameworks";
				PRODUCT_BUNDLE_IDENTIFIER = project03A.DBUITests;
				PRODUCT_NAME = "ki-ko_kikou";
				TEST_TARGET_NAME = DB;
				USES_XCTRUNNER = YES;
			};
			name = Release;
		};
/* End XCBuildConfiguration section */

/* Begin XCConfigurationList section */
		DC23C0031BD7826B000B2465 /* Build configuration list for PBXProject "ki-ko_kikou" */ = {
			isa = XCConfigurationList;
			buildConfigurations = (
				DC23C02E1BD7826C000B2465 /* Debug */,
				DC23C02F1BD7826C000B2465 /* Release */,
			);
			defaultConfigurationIsVisible = 0;
			defaultConfigurationName = Release;
		};
		DC23C0301BD7826C000B2465 /* Build configuration list for PBXNativeTarget "ki-ko_kikou" */ = {
			isa = XCConfigurationList;
			buildConfigurations = (
				DC23C0311BD7826C000B2465 /* Debug */,
				DC23C0321BD7826C000B2465 /* Release */,
			);
			defaultConfigurationIsVisible = 0;
			defaultConfigurationName = Release;
		};
		DC23C0331BD7826C000B2465 /* Build configuration list for PBXNativeTarget "ki-ko_kikouTests" */ = {
			isa = XCConfigurationList;
			buildConfigurations = (
				DC23C0341BD7826C000B2465 /* Debug */,
				DC23C0351BD7826C000B2465 /* Release */,
			);
			defaultConfigurationIsVisible = 0;
			defaultConfigurationName = Release;
		};
		DC23C0361BD7826C000B2465 /* Build configuration list for PBXNativeTarget "ki-ko_kikouUITests" */ = {
			isa = XCConfigurationList;
			buildConfigurations = (
				DC23C0371BD7826C000B2465 /* Debug */,
				DC23C0381BD7826C000B2465 /* Release */,
			);
			defaultConfigurationIsVisible = 0;
			defaultConfigurationName = Release;
		};
/* End XCConfigurationList section */
	};
	rootObject = DC23C0001BD7826B000B2465 /* Project object */;
}
